// !$*UTF8*$!
{
	archiveVersion = 1;
	classes = {
	};
	objectVersion = 56;
	objects = {

/* Begin PBXBuildFile section */
		BB0B8FD82C8DFABD001DD6F0 /* SpeechSpeed.swift in Sources */ = {isa = PBXBuildFile; fileRef = BB0B8FD72C8DFABD001DD6F0 /* SpeechSpeed.swift */; };
		BB27D75B2C94C65A007BC428 /* cedict_ts.txt in Resources */ = {isa = PBXBuildFile; fileRef = BB27D75A2C94C65A007BC428 /* cedict_ts.txt */; };
		BB27D75D2C94C715007BC428 /* String+Dictionary.swift in Sources */ = {isa = PBXBuildFile; fileRef = BB27D75C2C94C715007BC428 /* String+Dictionary.swift */; };
		BB27D75F2C94C767007BC428 /* String+Tone.swift in Sources */ = {isa = PBXBuildFile; fileRef = BB27D75E2C94C767007BC428 /* String+Tone.swift */; };
		BB341F492C9247B900A15CE4 /* String+Pinyin.swift in Sources */ = {isa = PBXBuildFile; fileRef = BB341F482C9247B900A15CE4 /* String+Pinyin.swift */; };
		BB34B2302C8DBC40003B95C4 /* Mode.swift in Sources */ = {isa = PBXBuildFile; fileRef = BB34B22F2C8DBC40003B95C4 /* Mode.swift */; };
		BB34B2322C8DBC4E003B95C4 /* PhraseListMode.swift in Sources */ = {isa = PBXBuildFile; fileRef = BB34B2312C8DBC4E003B95C4 /* PhraseListMode.swift */; };
		BB34B2342C8DBC65003B95C4 /* PhraseCategory.swift in Sources */ = {isa = PBXBuildFile; fileRef = BB34B2332C8DBC65003B95C4 /* PhraseCategory.swift */; };
		BB4EDAEE2C9047E000699E7D /* SwiftWhisper in Frameworks */ = {isa = PBXBuildFile; productRef = BB4EDAED2C9047E000699E7D /* SwiftWhisper */; };
		BB4EDAF32C90499900699E7D /* AudioKit in Frameworks */ = {isa = PBXBuildFile; productRef = BB4EDAF22C90499900699E7D /* AudioKit */; };
		BB4EDB002C90C7E600699E7D /* ReduxKit in Frameworks */ = {isa = PBXBuildFile; productRef = BB4EDAFF2C90C7E600699E7D /* ReduxKit */; };
		BB4EDB032C90C86300699E7D /* FastChineseStore.swift in Sources */ = {isa = PBXBuildFile; fileRef = BB4EDB022C90C86300699E7D /* FastChineseStore.swift */; };
		BB4EDB052C90C89C00699E7D /* FastChineseState.swift in Sources */ = {isa = PBXBuildFile; fileRef = BB4EDB042C90C89C00699E7D /* FastChineseState.swift */; };
		BB4EDB072C90C8CA00699E7D /* FastChineseAction.swift in Sources */ = {isa = PBXBuildFile; fileRef = BB4EDB062C90C8CA00699E7D /* FastChineseAction.swift */; };
		BB4EDB0A2C90C8F100699E7D /* FastChineseEnvironment.swift in Sources */ = {isa = PBXBuildFile; fileRef = BB4EDB092C90C8F100699E7D /* FastChineseEnvironment.swift */; };
		BB4EDB0C2C90C9A100699E7D /* FastChineseReducer.swift in Sources */ = {isa = PBXBuildFile; fileRef = BB4EDB0B2C90C9A100699E7D /* FastChineseReducer.swift */; };
		BB4EDB0E2C90CA0300699E7D /* FastChineseMiddleware.swift in Sources */ = {isa = PBXBuildFile; fileRef = BB4EDB0D2C90CA0300699E7D /* FastChineseMiddleware.swift */; };
		BB4EDB102C90CA4900699E7D /* FastChineseSubscriber.swift in Sources */ = {isa = PBXBuildFile; fileRef = BB4EDB0F2C90CA4900699E7D /* FastChineseSubscriber.swift */; };
		BB4EDB132C90CBBD00699E7D /* String+Phrase.swift in Sources */ = {isa = PBXBuildFile; fileRef = BB4EDB122C90CBBD00699E7D /* String+Phrase.swift */; };
		BB4EDB152C90CF7400699E7D /* FastChineseDataStore.swift in Sources */ = {isa = PBXBuildFile; fileRef = BB4EDB142C90CF7400699E7D /* FastChineseDataStore.swift */; };
		BB4EDB172C90D20300699E7D /* FastChineseServices.swift in Sources */ = {isa = PBXBuildFile; fileRef = BB4EDB162C90D20300699E7D /* FastChineseServices.swift */; };
		BB4EDB192C90D55C00699E7D /* PracticeViewState.swift in Sources */ = {isa = PBXBuildFile; fileRef = BB4EDB182C90D55C00699E7D /* PracticeViewState.swift */; };
		BB4EDB1B2C90DF8C00699E7D /* URL+ConvertPCM.swift in Sources */ = {isa = PBXBuildFile; fileRef = BB4EDB1A2C90DF8C00699E7D /* URL+ConvertPCM.swift */; };
		BB4EDB1D2C90DFDD00699E7D /* FastChineseRepository.swift in Sources */ = {isa = PBXBuildFile; fileRef = BB4EDB1C2C90DFDD00699E7D /* FastChineseRepository.swift */; };
		BB4EDB1F2C90F3A800699E7D /* String+Normalize.swift in Sources */ = {isa = PBXBuildFile; fileRef = BB4EDB1E2C90F3A800699E7D /* String+Normalize.swift */; };
		BB4EDB222C90F81000699E7D /* DefineCharacterRequest.swift in Sources */ = {isa = PBXBuildFile; fileRef = BB4EDB212C90F81000699E7D /* DefineCharacterRequest.swift */; };
		BB4EDB242C91902100699E7D /* SettingsView.swift in Sources */ = {isa = PBXBuildFile; fileRef = BB4EDB232C91902100699E7D /* SettingsView.swift */; };
		BB4EDB262C91912000699E7D /* AnswerState.swift in Sources */ = {isa = PBXBuildFile; fileRef = BB4EDB252C91912000699E7D /* AnswerState.swift */; };
		BB4EDB292C919A3C00699E7D /* NewPhrasesResponse.swift in Sources */ = {isa = PBXBuildFile; fileRef = BB4EDB282C919A3C00699E7D /* NewPhrasesResponse.swift */; };
		BB4EDB2B2C91B35D00699E7D /* Definition.swift in Sources */ = {isa = PBXBuildFile; fileRef = BB4EDB2A2C91B35D00699E7D /* Definition.swift */; };
		BBB6EF272C8C86240079D135 /* PhraseFlow_ChineseApp.swift in Sources */ = {isa = PBXBuildFile; fileRef = BBB6EF262C8C86240079D135 /* PhraseFlow_ChineseApp.swift */; };
		BBB6EF292C8C86240079D135 /* ContentView.swift in Sources */ = {isa = PBXBuildFile; fileRef = BBB6EF282C8C86240079D135 /* ContentView.swift */; };
		BBB6EF2B2C8C86290079D135 /* Assets.xcassets in Resources */ = {isa = PBXBuildFile; fileRef = BBB6EF2A2C8C86290079D135 /* Assets.xcassets */; };
		BBB6EF2E2C8C86290079D135 /* Preview Assets.xcassets in Resources */ = {isa = PBXBuildFile; fileRef = BBB6EF2D2C8C86290079D135 /* Preview Assets.xcassets */; };
		BBB6EF382C8C862A0079D135 /* PhraseFlow_ChineseTests.swift in Sources */ = {isa = PBXBuildFile; fileRef = BBB6EF372C8C862A0079D135 /* PhraseFlow_ChineseTests.swift */; };
		BBB6EF422C8C862A0079D135 /* PhraseFlow_ChineseUITests.swift in Sources */ = {isa = PBXBuildFile; fileRef = BBB6EF412C8C862A0079D135 /* PhraseFlow_ChineseUITests.swift */; };
		BBB6EF442C8C862A0079D135 /* PhraseFlow_ChineseUITestsLaunchTests.swift in Sources */ = {isa = PBXBuildFile; fileRef = BBB6EF432C8C862A0079D135 /* PhraseFlow_ChineseUITestsLaunchTests.swift */; };
		BBB6EF522C8C86B10079D135 /* Phrase.swift in Sources */ = {isa = PBXBuildFile; fileRef = BBB6EF512C8C86B10079D135 /* Phrase.swift */; };
/* End PBXBuildFile section */

/* Begin PBXContainerItemProxy section */
		BBB6EF342C8C862A0079D135 /* PBXContainerItemProxy */ = {
			isa = PBXContainerItemProxy;
			containerPortal = BBB6EF1B2C8C86240079D135 /* Project object */;
			proxyType = 1;
			remoteGlobalIDString = BBB6EF222C8C86240079D135;
			remoteInfo = "PhraseFlow Chinese";
		};
		BBB6EF3E2C8C862A0079D135 /* PBXContainerItemProxy */ = {
			isa = PBXContainerItemProxy;
			containerPortal = BBB6EF1B2C8C86240079D135 /* Project object */;
			proxyType = 1;
			remoteGlobalIDString = BBB6EF222C8C86240079D135;
			remoteInfo = "PhraseFlow Chinese";
		};
/* End PBXContainerItemProxy section */

/* Begin PBXFileReference section */
		BB0B8FD72C8DFABD001DD6F0 /* SpeechSpeed.swift */ = {isa = PBXFileReference; lastKnownFileType = sourcecode.swift; path = SpeechSpeed.swift; sourceTree = "<group>"; };
		BB27D75A2C94C65A007BC428 /* cedict_ts.txt */ = {isa = PBXFileReference; fileEncoding = 4; lastKnownFileType = text; path = cedict_ts.txt; sourceTree = "<group>"; };
		BB27D75C2C94C715007BC428 /* String+Dictionary.swift */ = {isa = PBXFileReference; lastKnownFileType = sourcecode.swift; path = "String+Dictionary.swift"; sourceTree = "<group>"; };
		BB27D75E2C94C767007BC428 /* String+Tone.swift */ = {isa = PBXFileReference; lastKnownFileType = sourcecode.swift; path = "String+Tone.swift"; sourceTree = "<group>"; };
		BB341F482C9247B900A15CE4 /* String+Pinyin.swift */ = {isa = PBXFileReference; lastKnownFileType = sourcecode.swift; path = "String+Pinyin.swift"; sourceTree = "<group>"; };
		BB34B22F2C8DBC40003B95C4 /* Mode.swift */ = {isa = PBXFileReference; lastKnownFileType = sourcecode.swift; path = Mode.swift; sourceTree = "<group>"; };
		BB34B2312C8DBC4E003B95C4 /* PhraseListMode.swift */ = {isa = PBXFileReference; lastKnownFileType = sourcecode.swift; path = PhraseListMode.swift; sourceTree = "<group>"; };
		BB34B2332C8DBC65003B95C4 /* PhraseCategory.swift */ = {isa = PBXFileReference; lastKnownFileType = sourcecode.swift; path = PhraseCategory.swift; sourceTree = "<group>"; };
		BB4EDB022C90C86300699E7D /* FastChineseStore.swift */ = {isa = PBXFileReference; lastKnownFileType = sourcecode.swift; path = FastChineseStore.swift; sourceTree = "<group>"; };
		BB4EDB042C90C89C00699E7D /* FastChineseState.swift */ = {isa = PBXFileReference; lastKnownFileType = sourcecode.swift; path = FastChineseState.swift; sourceTree = "<group>"; };
		BB4EDB062C90C8CA00699E7D /* FastChineseAction.swift */ = {isa = PBXFileReference; lastKnownFileType = sourcecode.swift; path = FastChineseAction.swift; sourceTree = "<group>"; };
		BB4EDB092C90C8F100699E7D /* FastChineseEnvironment.swift */ = {isa = PBXFileReference; lastKnownFileType = sourcecode.swift; path = FastChineseEnvironment.swift; sourceTree = "<group>"; };
		BB4EDB0B2C90C9A100699E7D /* FastChineseReducer.swift */ = {isa = PBXFileReference; lastKnownFileType = sourcecode.swift; path = FastChineseReducer.swift; sourceTree = "<group>"; };
		BB4EDB0D2C90CA0300699E7D /* FastChineseMiddleware.swift */ = {isa = PBXFileReference; lastKnownFileType = sourcecode.swift; path = FastChineseMiddleware.swift; sourceTree = "<group>"; };
		BB4EDB0F2C90CA4900699E7D /* FastChineseSubscriber.swift */ = {isa = PBXFileReference; lastKnownFileType = sourcecode.swift; path = FastChineseSubscriber.swift; sourceTree = "<group>"; };
		BB4EDB122C90CBBD00699E7D /* String+Phrase.swift */ = {isa = PBXFileReference; lastKnownFileType = sourcecode.swift; path = "String+Phrase.swift"; sourceTree = "<group>"; };
		BB4EDB142C90CF7400699E7D /* FastChineseDataStore.swift */ = {isa = PBXFileReference; lastKnownFileType = sourcecode.swift; path = FastChineseDataStore.swift; sourceTree = "<group>"; };
		BB4EDB162C90D20300699E7D /* FastChineseServices.swift */ = {isa = PBXFileReference; lastKnownFileType = sourcecode.swift; path = FastChineseServices.swift; sourceTree = "<group>"; };
		BB4EDB182C90D55C00699E7D /* PracticeViewState.swift */ = {isa = PBXFileReference; lastKnownFileType = sourcecode.swift; path = PracticeViewState.swift; sourceTree = "<group>"; };
		BB4EDB1A2C90DF8C00699E7D /* URL+ConvertPCM.swift */ = {isa = PBXFileReference; lastKnownFileType = sourcecode.swift; path = "URL+ConvertPCM.swift"; sourceTree = "<group>"; };
		BB4EDB1C2C90DFDD00699E7D /* FastChineseRepository.swift */ = {isa = PBXFileReference; lastKnownFileType = sourcecode.swift; path = FastChineseRepository.swift; sourceTree = "<group>"; };
		BB4EDB1E2C90F3A800699E7D /* String+Normalize.swift */ = {isa = PBXFileReference; lastKnownFileType = sourcecode.swift; path = "String+Normalize.swift"; sourceTree = "<group>"; };
		BB4EDB212C90F81000699E7D /* DefineCharacterRequest.swift */ = {isa = PBXFileReference; lastKnownFileType = sourcecode.swift; path = DefineCharacterRequest.swift; sourceTree = "<group>"; };
		BB4EDB232C91902100699E7D /* SettingsView.swift */ = {isa = PBXFileReference; lastKnownFileType = sourcecode.swift; path = SettingsView.swift; sourceTree = "<group>"; };
		BB4EDB252C91912000699E7D /* AnswerState.swift */ = {isa = PBXFileReference; lastKnownFileType = sourcecode.swift; path = AnswerState.swift; sourceTree = "<group>"; };
		BB4EDB282C919A3C00699E7D /* NewPhrasesResponse.swift */ = {isa = PBXFileReference; lastKnownFileType = sourcecode.swift; path = NewPhrasesResponse.swift; sourceTree = "<group>"; };
		BB4EDB2A2C91B35D00699E7D /* Definition.swift */ = {isa = PBXFileReference; lastKnownFileType = sourcecode.swift; path = Definition.swift; sourceTree = "<group>"; };
		BBB6EF232C8C86240079D135 /* PhraseFlow Chinese.app */ = {isa = PBXFileReference; explicitFileType = wrapper.application; includeInIndex = 0; path = "PhraseFlow Chinese.app"; sourceTree = BUILT_PRODUCTS_DIR; };
		BBB6EF262C8C86240079D135 /* PhraseFlow_ChineseApp.swift */ = {isa = PBXFileReference; lastKnownFileType = sourcecode.swift; path = PhraseFlow_ChineseApp.swift; sourceTree = "<group>"; };
		BBB6EF282C8C86240079D135 /* ContentView.swift */ = {isa = PBXFileReference; lastKnownFileType = sourcecode.swift; path = ContentView.swift; sourceTree = "<group>"; };
		BBB6EF2A2C8C86290079D135 /* Assets.xcassets */ = {isa = PBXFileReference; lastKnownFileType = folder.assetcatalog; path = Assets.xcassets; sourceTree = "<group>"; };
		BBB6EF2D2C8C86290079D135 /* Preview Assets.xcassets */ = {isa = PBXFileReference; lastKnownFileType = folder.assetcatalog; path = "Preview Assets.xcassets"; sourceTree = "<group>"; };
		BBB6EF332C8C862A0079D135 /* PhraseFlow ChineseTests.xctest */ = {isa = PBXFileReference; explicitFileType = wrapper.cfbundle; includeInIndex = 0; path = "PhraseFlow ChineseTests.xctest"; sourceTree = BUILT_PRODUCTS_DIR; };
		BBB6EF372C8C862A0079D135 /* PhraseFlow_ChineseTests.swift */ = {isa = PBXFileReference; lastKnownFileType = sourcecode.swift; path = PhraseFlow_ChineseTests.swift; sourceTree = "<group>"; };
		BBB6EF3D2C8C862A0079D135 /* PhraseFlow ChineseUITests.xctest */ = {isa = PBXFileReference; explicitFileType = wrapper.cfbundle; includeInIndex = 0; path = "PhraseFlow ChineseUITests.xctest"; sourceTree = BUILT_PRODUCTS_DIR; };
		BBB6EF412C8C862A0079D135 /* PhraseFlow_ChineseUITests.swift */ = {isa = PBXFileReference; lastKnownFileType = sourcecode.swift; path = PhraseFlow_ChineseUITests.swift; sourceTree = "<group>"; };
		BBB6EF432C8C862A0079D135 /* PhraseFlow_ChineseUITestsLaunchTests.swift */ = {isa = PBXFileReference; lastKnownFileType = sourcecode.swift; path = PhraseFlow_ChineseUITestsLaunchTests.swift; sourceTree = "<group>"; };
		BBB6EF512C8C86B10079D135 /* Phrase.swift */ = {isa = PBXFileReference; lastKnownFileType = sourcecode.swift; path = Phrase.swift; sourceTree = "<group>"; };
/* End PBXFileReference section */

/* Begin PBXFrameworksBuildPhase section */
		BBB6EF202C8C86240079D135 /* Frameworks */ = {
			isa = PBXFrameworksBuildPhase;
			buildActionMask = 2147483647;
			files = (
				BB4EDB002C90C7E600699E7D /* ReduxKit in Frameworks */,
				BB4EDAF32C90499900699E7D /* AudioKit in Frameworks */,
				BB4EDAEE2C9047E000699E7D /* SwiftWhisper in Frameworks */,
			);
			runOnlyForDeploymentPostprocessing = 0;
		};
		BBB6EF302C8C862A0079D135 /* Frameworks */ = {
			isa = PBXFrameworksBuildPhase;
			buildActionMask = 2147483647;
			files = (
			);
			runOnlyForDeploymentPostprocessing = 0;
		};
		BBB6EF3A2C8C862A0079D135 /* Frameworks */ = {
			isa = PBXFrameworksBuildPhase;
			buildActionMask = 2147483647;
			files = (
			);
			runOnlyForDeploymentPostprocessing = 0;
		};
/* End PBXFrameworksBuildPhase section */

/* Begin PBXGroup section */
		BB4EDB012C90C85000699E7D /* Redux */ = {
			isa = PBXGroup;
			children = (
				BB4EDB062C90C8CA00699E7D /* FastChineseAction.swift */,
				BB4EDB0B2C90C9A100699E7D /* FastChineseReducer.swift */,
				BB4EDB0D2C90CA0300699E7D /* FastChineseMiddleware.swift */,
				BB4EDB042C90C89C00699E7D /* FastChineseState.swift */,
				BB4EDB022C90C86300699E7D /* FastChineseStore.swift */,
				BB4EDB0F2C90CA4900699E7D /* FastChineseSubscriber.swift */,
			);
			path = Redux;
			sourceTree = "<group>";
		};
		BB4EDB082C90C8E100699E7D /* Service */ = {
			isa = PBXGroup;
			children = (
				BB4EDB092C90C8F100699E7D /* FastChineseEnvironment.swift */,
				BB4EDB162C90D20300699E7D /* FastChineseServices.swift */,
				BB4EDB142C90CF7400699E7D /* FastChineseDataStore.swift */,
				BB4EDB1C2C90DFDD00699E7D /* FastChineseRepository.swift */,
			);
			path = Service;
			sourceTree = "<group>";
		};
		BB4EDB112C90CBAE00699E7D /* Extensions */ = {
			isa = PBXGroup;
			children = (
				BB4EDB122C90CBBD00699E7D /* String+Phrase.swift */,
				BB27D75C2C94C715007BC428 /* String+Dictionary.swift */,
				BB27D75E2C94C767007BC428 /* String+Tone.swift */,
				BB341F482C9247B900A15CE4 /* String+Pinyin.swift */,
				BB4EDB1E2C90F3A800699E7D /* String+Normalize.swift */,
				BB4EDB1A2C90DF8C00699E7D /* URL+ConvertPCM.swift */,
			);
			path = Extensions;
			sourceTree = "<group>";
		};
		BB4EDB202C90F80400699E7D /* Request */ = {
			isa = PBXGroup;
			children = (
				BB4EDB212C90F81000699E7D /* DefineCharacterRequest.swift */,
			);
			path = Request;
			sourceTree = "<group>";
		};
		BB4EDB272C919A3300699E7D /* Response */ = {
			isa = PBXGroup;
			children = (
				BB4EDB282C919A3C00699E7D /* NewPhrasesResponse.swift */,
			);
			path = Response;
			sourceTree = "<group>";
		};
		BBB6EF1A2C8C86240079D135 = {
			isa = PBXGroup;
			children = (
				BB27D75A2C94C65A007BC428 /* cedict_ts.txt */,
				BBB6EF252C8C86240079D135 /* PhraseFlow Chinese */,
				BBB6EF362C8C862A0079D135 /* PhraseFlow ChineseTests */,
				BBB6EF402C8C862A0079D135 /* PhraseFlow ChineseUITests */,
				BBB6EF242C8C86240079D135 /* Products */,
			);
			sourceTree = "<group>";
		};
		BBB6EF242C8C86240079D135 /* Products */ = {
			isa = PBXGroup;
			children = (
				BBB6EF232C8C86240079D135 /* PhraseFlow Chinese.app */,
				BBB6EF332C8C862A0079D135 /* PhraseFlow ChineseTests.xctest */,
				BBB6EF3D2C8C862A0079D135 /* PhraseFlow ChineseUITests.xctest */,
			);
			name = Products;
			sourceTree = "<group>";
		};
		BBB6EF252C8C86240079D135 /* PhraseFlow Chinese */ = {
			isa = PBXGroup;
			children = (
				BBB6EF262C8C86240079D135 /* PhraseFlow_ChineseApp.swift */,
				BB4EDB112C90CBAE00699E7D /* Extensions */,
				BB4EDB012C90C85000699E7D /* Redux */,
				BB4EDB082C90C8E100699E7D /* Service */,
				BBB6EF562C8C87540079D135 /* View */,
				BBB6EF502C8C86A50079D135 /* Model */,
				BBB6EF2A2C8C86290079D135 /* Assets.xcassets */,
				BBB6EF2C2C8C86290079D135 /* Preview Content */,
			);
			path = "PhraseFlow Chinese";
			sourceTree = "<group>";
		};
		BBB6EF2C2C8C86290079D135 /* Preview Content */ = {
			isa = PBXGroup;
			children = (
				BBB6EF2D2C8C86290079D135 /* Preview Assets.xcassets */,
			);
			path = "Preview Content";
			sourceTree = "<group>";
		};
		BBB6EF362C8C862A0079D135 /* PhraseFlow ChineseTests */ = {
			isa = PBXGroup;
			children = (
				BBB6EF372C8C862A0079D135 /* PhraseFlow_ChineseTests.swift */,
			);
			path = "PhraseFlow ChineseTests";
			sourceTree = "<group>";
		};
		BBB6EF402C8C862A0079D135 /* PhraseFlow ChineseUITests */ = {
			isa = PBXGroup;
			children = (
				BBB6EF412C8C862A0079D135 /* PhraseFlow_ChineseUITests.swift */,
				BBB6EF432C8C862A0079D135 /* PhraseFlow_ChineseUITestsLaunchTests.swift */,
			);
			path = "PhraseFlow ChineseUITests";
			sourceTree = "<group>";
		};
		BBB6EF502C8C86A50079D135 /* Model */ = {
			isa = PBXGroup;
			children = (
				BB4EDB202C90F80400699E7D /* Request */,
				BB4EDB272C919A3300699E7D /* Response */,
				BB4EDB252C91912000699E7D /* AnswerState.swift */,
				BB4EDB2A2C91B35D00699E7D /* Definition.swift */,
				BB34B22F2C8DBC40003B95C4 /* Mode.swift */,
				BBB6EF512C8C86B10079D135 /* Phrase.swift */,
				BB34B2332C8DBC65003B95C4 /* PhraseCategory.swift */,
				BB34B2312C8DBC4E003B95C4 /* PhraseListMode.swift */,
				BB4EDB182C90D55C00699E7D /* PracticeViewState.swift */,
				BB0B8FD72C8DFABD001DD6F0 /* SpeechSpeed.swift */,
			);
			path = Model;
			sourceTree = "<group>";
		};
		BBB6EF562C8C87540079D135 /* View */ = {
			isa = PBXGroup;
			children = (
				BBB6EF282C8C86240079D135 /* ContentView.swift */,
				BB4EDB232C91902100699E7D /* SettingsView.swift */,
			);
			path = View;
			sourceTree = "<group>";
		};
/* End PBXGroup section */

/* Begin PBXNativeTarget section */
		BBB6EF222C8C86240079D135 /* PhraseFlow Chinese */ = {
			isa = PBXNativeTarget;
			buildConfigurationList = BBB6EF472C8C862A0079D135 /* Build configuration list for PBXNativeTarget "PhraseFlow Chinese" */;
			buildPhases = (
				BBB6EF1F2C8C86240079D135 /* Sources */,
				BBB6EF202C8C86240079D135 /* Frameworks */,
				BBB6EF212C8C86240079D135 /* Resources */,
			);
			buildRules = (
			);
			dependencies = (
			);
			name = "PhraseFlow Chinese";
			packageProductDependencies = (
				BB4EDAED2C9047E000699E7D /* SwiftWhisper */,
				BB4EDAF22C90499900699E7D /* AudioKit */,
				BB4EDAFF2C90C7E600699E7D /* ReduxKit */,
			);
			productName = "PhraseFlow Chinese";
			productReference = BBB6EF232C8C86240079D135 /* PhraseFlow Chinese.app */;
			productType = "com.apple.product-type.application";
		};
		BBB6EF322C8C862A0079D135 /* PhraseFlow ChineseTests */ = {
			isa = PBXNativeTarget;
			buildConfigurationList = BBB6EF4A2C8C862A0079D135 /* Build configuration list for PBXNativeTarget "PhraseFlow ChineseTests" */;
			buildPhases = (
				BBB6EF2F2C8C862A0079D135 /* Sources */,
				BBB6EF302C8C862A0079D135 /* Frameworks */,
				BBB6EF312C8C862A0079D135 /* Resources */,
			);
			buildRules = (
			);
			dependencies = (
				BBB6EF352C8C862A0079D135 /* PBXTargetDependency */,
			);
			name = "PhraseFlow ChineseTests";
			productName = "PhraseFlow ChineseTests";
			productReference = BBB6EF332C8C862A0079D135 /* PhraseFlow ChineseTests.xctest */;
			productType = "com.apple.product-type.bundle.unit-test";
		};
		BBB6EF3C2C8C862A0079D135 /* PhraseFlow ChineseUITests */ = {
			isa = PBXNativeTarget;
			buildConfigurationList = BBB6EF4D2C8C862A0079D135 /* Build configuration list for PBXNativeTarget "PhraseFlow ChineseUITests" */;
			buildPhases = (
				BBB6EF392C8C862A0079D135 /* Sources */,
				BBB6EF3A2C8C862A0079D135 /* Frameworks */,
				BBB6EF3B2C8C862A0079D135 /* Resources */,
			);
			buildRules = (
			);
			dependencies = (
				BBB6EF3F2C8C862A0079D135 /* PBXTargetDependency */,
			);
			name = "PhraseFlow ChineseUITests";
			productName = "PhraseFlow ChineseUITests";
			productReference = BBB6EF3D2C8C862A0079D135 /* PhraseFlow ChineseUITests.xctest */;
			productType = "com.apple.product-type.bundle.ui-testing";
		};
/* End PBXNativeTarget section */

/* Begin PBXProject section */
		BBB6EF1B2C8C86240079D135 /* Project object */ = {
			isa = PBXProject;
			attributes = {
				BuildIndependentTargetsInParallel = 1;
				LastSwiftUpdateCheck = 1530;
				LastUpgradeCheck = 1530;
				TargetAttributes = {
					BBB6EF222C8C86240079D135 = {
						CreatedOnToolsVersion = 15.3;
					};
					BBB6EF322C8C862A0079D135 = {
						CreatedOnToolsVersion = 15.3;
						TestTargetID = BBB6EF222C8C86240079D135;
					};
					BBB6EF3C2C8C862A0079D135 = {
						CreatedOnToolsVersion = 15.3;
						TestTargetID = BBB6EF222C8C86240079D135;
					};
				};
			};
			buildConfigurationList = BBB6EF1E2C8C86240079D135 /* Build configuration list for PBXProject "PhraseFlow Chinese" */;
			compatibilityVersion = "Xcode 14.0";
			developmentRegion = en;
			hasScannedForEncodings = 0;
			knownRegions = (
				en,
				Base,
			);
			mainGroup = BBB6EF1A2C8C86240079D135;
			packageReferences = (
				BB4EDAEC2C9047E000699E7D /* XCRemoteSwiftPackageReference "SwiftWhisper" */,
				BB4EDAF12C90499900699E7D /* XCRemoteSwiftPackageReference "AudioKit" */,
				BB4EDAFE2C90C7E600699E7D /* XCRemoteSwiftPackageReference "reduxkit" */,
			);
			productRefGroup = BBB6EF242C8C86240079D135 /* Products */;
			projectDirPath = "";
			projectRoot = "";
			targets = (
				BBB6EF222C8C86240079D135 /* PhraseFlow Chinese */,
				BBB6EF322C8C862A0079D135 /* PhraseFlow ChineseTests */,
				BBB6EF3C2C8C862A0079D135 /* PhraseFlow ChineseUITests */,
			);
		};
/* End PBXProject section */

/* Begin PBXResourcesBuildPhase section */
		BBB6EF212C8C86240079D135 /* Resources */ = {
			isa = PBXResourcesBuildPhase;
			buildActionMask = 2147483647;
			files = (
				BBB6EF2E2C8C86290079D135 /* Preview Assets.xcassets in Resources */,
				BBB6EF2B2C8C86290079D135 /* Assets.xcassets in Resources */,
				BB27D75B2C94C65A007BC428 /* cedict_ts.txt in Resources */,
			);
			runOnlyForDeploymentPostprocessing = 0;
		};
		BBB6EF312C8C862A0079D135 /* Resources */ = {
			isa = PBXResourcesBuildPhase;
			buildActionMask = 2147483647;
			files = (
			);
			runOnlyForDeploymentPostprocessing = 0;
		};
		BBB6EF3B2C8C862A0079D135 /* Resources */ = {
			isa = PBXResourcesBuildPhase;
			buildActionMask = 2147483647;
			files = (
			);
			runOnlyForDeploymentPostprocessing = 0;
		};
/* End PBXResourcesBuildPhase section */

/* Begin PBXSourcesBuildPhase section */
		BBB6EF1F2C8C86240079D135 /* Sources */ = {
			isa = PBXSourcesBuildPhase;
			buildActionMask = 2147483647;
			files = (
				BB4EDB1B2C90DF8C00699E7D /* URL+ConvertPCM.swift in Sources */,
				BB4EDB1F2C90F3A800699E7D /* String+Normalize.swift in Sources */,
				BB4EDB292C919A3C00699E7D /* NewPhrasesResponse.swift in Sources */,
				BB34B2342C8DBC65003B95C4 /* PhraseCategory.swift in Sources */,
				BB4EDB2B2C91B35D00699E7D /* Definition.swift in Sources */,
				BB4EDB072C90C8CA00699E7D /* FastChineseAction.swift in Sources */,
				BBB6EF522C8C86B10079D135 /* Phrase.swift in Sources */,
				BB4EDB152C90CF7400699E7D /* FastChineseDataStore.swift in Sources */,
				BB341F492C9247B900A15CE4 /* String+Pinyin.swift in Sources */,
				BB4EDB1D2C90DFDD00699E7D /* FastChineseRepository.swift in Sources */,
				BBB6EF292C8C86240079D135 /* ContentView.swift in Sources */,
				BB4EDB222C90F81000699E7D /* DefineCharacterRequest.swift in Sources */,
				BB34B2322C8DBC4E003B95C4 /* PhraseListMode.swift in Sources */,
				BB4EDB0E2C90CA0300699E7D /* FastChineseMiddleware.swift in Sources */,
				BB34B2302C8DBC40003B95C4 /* Mode.swift in Sources */,
				BB4EDB102C90CA4900699E7D /* FastChineseSubscriber.swift in Sources */,
				BB4EDB262C91912000699E7D /* AnswerState.swift in Sources */,
				BB4EDB192C90D55C00699E7D /* PracticeViewState.swift in Sources */,
				BB4EDB132C90CBBD00699E7D /* String+Phrase.swift in Sources */,
				BB4EDB242C91902100699E7D /* SettingsView.swift in Sources */,
				BB0B8FD82C8DFABD001DD6F0 /* SpeechSpeed.swift in Sources */,
				BBB6EF272C8C86240079D135 /* PhraseFlow_ChineseApp.swift in Sources */,
				BB4EDB0C2C90C9A100699E7D /* FastChineseReducer.swift in Sources */,
				BB4EDB0A2C90C8F100699E7D /* FastChineseEnvironment.swift in Sources */,
				BB27D75F2C94C767007BC428 /* String+Tone.swift in Sources */,
				BB4EDB032C90C86300699E7D /* FastChineseStore.swift in Sources */,
				BB4EDB172C90D20300699E7D /* FastChineseServices.swift in Sources */,
				BB27D75D2C94C715007BC428 /* String+Dictionary.swift in Sources */,
				BB4EDB052C90C89C00699E7D /* FastChineseState.swift in Sources */,
			);
			runOnlyForDeploymentPostprocessing = 0;
		};
		BBB6EF2F2C8C862A0079D135 /* Sources */ = {
			isa = PBXSourcesBuildPhase;
			buildActionMask = 2147483647;
			files = (
				BBB6EF382C8C862A0079D135 /* PhraseFlow_ChineseTests.swift in Sources */,
			);
			runOnlyForDeploymentPostprocessing = 0;
		};
		BBB6EF392C8C862A0079D135 /* Sources */ = {
			isa = PBXSourcesBuildPhase;
			buildActionMask = 2147483647;
			files = (
				BBB6EF422C8C862A0079D135 /* PhraseFlow_ChineseUITests.swift in Sources */,
				BBB6EF442C8C862A0079D135 /* PhraseFlow_ChineseUITestsLaunchTests.swift in Sources */,
			);
			runOnlyForDeploymentPostprocessing = 0;
		};
/* End PBXSourcesBuildPhase section */

/* Begin PBXTargetDependency section */
		BBB6EF352C8C862A0079D135 /* PBXTargetDependency */ = {
			isa = PBXTargetDependency;
			target = BBB6EF222C8C86240079D135 /* PhraseFlow Chinese */;
			targetProxy = BBB6EF342C8C862A0079D135 /* PBXContainerItemProxy */;
		};
		BBB6EF3F2C8C862A0079D135 /* PBXTargetDependency */ = {
			isa = PBXTargetDependency;
			target = BBB6EF222C8C86240079D135 /* PhraseFlow Chinese */;
			targetProxy = BBB6EF3E2C8C862A0079D135 /* PBXContainerItemProxy */;
		};
/* End PBXTargetDependency section */

/* Begin XCBuildConfiguration section */
		BBB6EF452C8C862A0079D135 /* Debug */ = {
			isa = XCBuildConfiguration;
			buildSettings = {
				ALWAYS_SEARCH_USER_PATHS = NO;
				ASSETCATALOG_COMPILER_GENERATE_SWIFT_ASSET_SYMBOL_EXTENSIONS = YES;
				CLANG_ANALYZER_NONNULL = YES;
				CLANG_ANALYZER_NUMBER_OBJECT_CONVERSION = YES_AGGRESSIVE;
				CLANG_CXX_LANGUAGE_STANDARD = "gnu++20";
				CLANG_ENABLE_MODULES = YES;
				CLANG_ENABLE_OBJC_ARC = YES;
				CLANG_ENABLE_OBJC_WEAK = YES;
				CLANG_WARN_BLOCK_CAPTURE_AUTORELEASING = YES;
				CLANG_WARN_BOOL_CONVERSION = YES;
				CLANG_WARN_COMMA = YES;
				CLANG_WARN_CONSTANT_CONVERSION = YES;
				CLANG_WARN_DEPRECATED_OBJC_IMPLEMENTATIONS = YES;
				CLANG_WARN_DIRECT_OBJC_ISA_USAGE = YES_ERROR;
				CLANG_WARN_DOCUMENTATION_COMMENTS = YES;
				CLANG_WARN_EMPTY_BODY = YES;
				CLANG_WARN_ENUM_CONVERSION = YES;
				CLANG_WARN_INFINITE_RECURSION = YES;
				CLANG_WARN_INT_CONVERSION = YES;
				CLANG_WARN_NON_LITERAL_NULL_CONVERSION = YES;
				CLANG_WARN_OBJC_IMPLICIT_RETAIN_SELF = YES;
				CLANG_WARN_OBJC_LITERAL_CONVERSION = YES;
				CLANG_WARN_OBJC_ROOT_CLASS = YES_ERROR;
				CLANG_WARN_QUOTED_INCLUDE_IN_FRAMEWORK_HEADER = YES;
				CLANG_WARN_RANGE_LOOP_ANALYSIS = YES;
				CLANG_WARN_STRICT_PROTOTYPES = YES;
				CLANG_WARN_SUSPICIOUS_MOVE = YES;
				CLANG_WARN_UNGUARDED_AVAILABILITY = YES_AGGRESSIVE;
				CLANG_WARN_UNREACHABLE_CODE = YES;
				CLANG_WARN__DUPLICATE_METHOD_MATCH = YES;
				COPY_PHASE_STRIP = NO;
				DEBUG_INFORMATION_FORMAT = dwarf;
				ENABLE_STRICT_OBJC_MSGSEND = YES;
				ENABLE_TESTABILITY = YES;
				ENABLE_USER_SCRIPT_SANDBOXING = YES;
				GCC_C_LANGUAGE_STANDARD = gnu17;
				GCC_DYNAMIC_NO_PIC = NO;
				GCC_NO_COMMON_BLOCKS = YES;
				GCC_OPTIMIZATION_LEVEL = 0;
				GCC_PREPROCESSOR_DEFINITIONS = (
					"DEBUG=1",
					"$(inherited)",
				);
				GCC_WARN_64_TO_32_BIT_CONVERSION = YES;
				GCC_WARN_ABOUT_RETURN_TYPE = YES_ERROR;
				GCC_WARN_UNDECLARED_SELECTOR = YES;
				GCC_WARN_UNINITIALIZED_AUTOS = YES_AGGRESSIVE;
				GCC_WARN_UNUSED_FUNCTION = YES;
				GCC_WARN_UNUSED_VARIABLE = YES;
				IPHONEOS_DEPLOYMENT_TARGET = 17.4;
				LOCALIZATION_PREFERS_STRING_CATALOGS = YES;
				MTL_ENABLE_DEBUG_INFO = INCLUDE_SOURCE;
				MTL_FAST_MATH = YES;
				ONLY_ACTIVE_ARCH = YES;
				SDKROOT = iphoneos;
				SWIFT_ACTIVE_COMPILATION_CONDITIONS = "DEBUG $(inherited)";
				SWIFT_OPTIMIZATION_LEVEL = "-Onone";
			};
			name = Debug;
		};
		BBB6EF462C8C862A0079D135 /* Release */ = {
			isa = XCBuildConfiguration;
			buildSettings = {
				ALWAYS_SEARCH_USER_PATHS = NO;
				ASSETCATALOG_COMPILER_GENERATE_SWIFT_ASSET_SYMBOL_EXTENSIONS = YES;
				CLANG_ANALYZER_NONNULL = YES;
				CLANG_ANALYZER_NUMBER_OBJECT_CONVERSION = YES_AGGRESSIVE;
				CLANG_CXX_LANGUAGE_STANDARD = "gnu++20";
				CLANG_ENABLE_MODULES = YES;
				CLANG_ENABLE_OBJC_ARC = YES;
				CLANG_ENABLE_OBJC_WEAK = YES;
				CLANG_WARN_BLOCK_CAPTURE_AUTORELEASING = YES;
				CLANG_WARN_BOOL_CONVERSION = YES;
				CLANG_WARN_COMMA = YES;
				CLANG_WARN_CONSTANT_CONVERSION = YES;
				CLANG_WARN_DEPRECATED_OBJC_IMPLEMENTATIONS = YES;
				CLANG_WARN_DIRECT_OBJC_ISA_USAGE = YES_ERROR;
				CLANG_WARN_DOCUMENTATION_COMMENTS = YES;
				CLANG_WARN_EMPTY_BODY = YES;
				CLANG_WARN_ENUM_CONVERSION = YES;
				CLANG_WARN_INFINITE_RECURSION = YES;
				CLANG_WARN_INT_CONVERSION = YES;
				CLANG_WARN_NON_LITERAL_NULL_CONVERSION = YES;
				CLANG_WARN_OBJC_IMPLICIT_RETAIN_SELF = YES;
				CLANG_WARN_OBJC_LITERAL_CONVERSION = YES;
				CLANG_WARN_OBJC_ROOT_CLASS = YES_ERROR;
				CLANG_WARN_QUOTED_INCLUDE_IN_FRAMEWORK_HEADER = YES;
				CLANG_WARN_RANGE_LOOP_ANALYSIS = YES;
				CLANG_WARN_STRICT_PROTOTYPES = YES;
				CLANG_WARN_SUSPICIOUS_MOVE = YES;
				CLANG_WARN_UNGUARDED_AVAILABILITY = YES_AGGRESSIVE;
				CLANG_WARN_UNREACHABLE_CODE = YES;
				CLANG_WARN__DUPLICATE_METHOD_MATCH = YES;
				COPY_PHASE_STRIP = NO;
				DEBUG_INFORMATION_FORMAT = "dwarf-with-dsym";
				ENABLE_NS_ASSERTIONS = NO;
				ENABLE_STRICT_OBJC_MSGSEND = YES;
				ENABLE_USER_SCRIPT_SANDBOXING = YES;
				GCC_C_LANGUAGE_STANDARD = gnu17;
				GCC_NO_COMMON_BLOCKS = YES;
				GCC_WARN_64_TO_32_BIT_CONVERSION = YES;
				GCC_WARN_ABOUT_RETURN_TYPE = YES_ERROR;
				GCC_WARN_UNDECLARED_SELECTOR = YES;
				GCC_WARN_UNINITIALIZED_AUTOS = YES_AGGRESSIVE;
				GCC_WARN_UNUSED_FUNCTION = YES;
				GCC_WARN_UNUSED_VARIABLE = YES;
				IPHONEOS_DEPLOYMENT_TARGET = 17.4;
				LOCALIZATION_PREFERS_STRING_CATALOGS = YES;
				MTL_ENABLE_DEBUG_INFO = NO;
				MTL_FAST_MATH = YES;
				SDKROOT = iphoneos;
				SWIFT_COMPILATION_MODE = wholemodule;
				VALIDATE_PRODUCT = YES;
			};
			name = Release;
		};
		BBB6EF482C8C862A0079D135 /* Debug */ = {
			isa = XCBuildConfiguration;
			buildSettings = {
				ASSETCATALOG_COMPILER_APPICON_NAME = AppIcon;
				ASSETCATALOG_COMPILER_GLOBAL_ACCENT_COLOR_NAME = AccentColor;
				CODE_SIGN_STYLE = Automatic;
				CURRENT_PROJECT_VERSION = 1;
				DEVELOPMENT_ASSET_PATHS = "\"PhraseFlow Chinese/Preview Content\"";
				DEVELOPMENT_TEAM = NGW7S9DH6U;
				ENABLE_PREVIEWS = YES;
				GENERATE_INFOPLIST_FILE = YES;
				INFOPLIST_KEY_CFBundleDisplayName = "Fast Chinese";
				INFOPLIST_KEY_UIApplicationSceneManifest_Generation = YES;
				INFOPLIST_KEY_UIApplicationSupportsIndirectInputEvents = YES;
				INFOPLIST_KEY_UILaunchScreen_Generation = YES;
				INFOPLIST_KEY_UISupportedInterfaceOrientations = UIInterfaceOrientationPortrait;
				INFOPLIST_KEY_UISupportedInterfaceOrientations_iPad = "UIInterfaceOrientationLandscapeLeft UIInterfaceOrientationLandscapeRight UIInterfaceOrientationPortrait UIInterfaceOrientationPortraitUpsideDown";
				LD_RUNPATH_SEARCH_PATHS = (
					"$(inherited)",
					"@executable_path/Frameworks",
				);
				MARKETING_VERSION = 1.0;
				PRODUCT_BUNDLE_IDENTIFIER = "com.smileydudelimitedapps.PhraseFlow-Chinese";
				PRODUCT_NAME = "$(TARGET_NAME)";
				SWIFT_EMIT_LOC_STRINGS = YES;
				SWIFT_VERSION = 5.0;
				TARGETED_DEVICE_FAMILY = "1,2";
			};
			name = Debug;
		};
		BBB6EF492C8C862A0079D135 /* Release */ = {
			isa = XCBuildConfiguration;
			buildSettings = {
				ASSETCATALOG_COMPILER_APPICON_NAME = AppIcon;
				ASSETCATALOG_COMPILER_GLOBAL_ACCENT_COLOR_NAME = AccentColor;
				CODE_SIGN_STYLE = Automatic;
				CURRENT_PROJECT_VERSION = 1;
				DEVELOPMENT_ASSET_PATHS = "\"PhraseFlow Chinese/Preview Content\"";
				DEVELOPMENT_TEAM = NGW7S9DH6U;
				ENABLE_PREVIEWS = YES;
				GENERATE_INFOPLIST_FILE = YES;
				INFOPLIST_KEY_CFBundleDisplayName = "Fast Chinese";
				INFOPLIST_KEY_UIApplicationSceneManifest_Generation = YES;
				INFOPLIST_KEY_UIApplicationSupportsIndirectInputEvents = YES;
				INFOPLIST_KEY_UILaunchScreen_Generation = YES;
				INFOPLIST_KEY_UISupportedInterfaceOrientations = UIInterfaceOrientationPortrait;
				INFOPLIST_KEY_UISupportedInterfaceOrientations_iPad = "UIInterfaceOrientationLandscapeLeft UIInterfaceOrientationLandscapeRight UIInterfaceOrientationPortrait UIInterfaceOrientationPortraitUpsideDown";
				LD_RUNPATH_SEARCH_PATHS = (
					"$(inherited)",
					"@executable_path/Frameworks",
				);
				MARKETING_VERSION = 1.0;
				PRODUCT_BUNDLE_IDENTIFIER = "com.smileydudelimitedapps.PhraseFlow-Chinese";
				PRODUCT_NAME = "$(TARGET_NAME)";
				SWIFT_EMIT_LOC_STRINGS = YES;
				SWIFT_VERSION = 5.0;
				TARGETED_DEVICE_FAMILY = "1,2";
			};
			name = Release;
		};
		BBB6EF4B2C8C862A0079D135 /* Debug */ = {
			isa = XCBuildConfiguration;
			buildSettings = {
				ALWAYS_EMBED_SWIFT_STANDARD_LIBRARIES = YES;
				BUNDLE_LOADER = "$(TEST_HOST)";
				CODE_SIGN_STYLE = Automatic;
				CURRENT_PROJECT_VERSION = 1;
				DEVELOPMENT_TEAM = NGW7S9DH6U;
				GENERATE_INFOPLIST_FILE = YES;
				IPHONEOS_DEPLOYMENT_TARGET = 17.4;
				MARKETING_VERSION = 1.0;
				PRODUCT_BUNDLE_IDENTIFIER = "com.smileydudelimitedapps.PhraseFlow-ChineseTests";
				PRODUCT_NAME = "$(TARGET_NAME)";
				SWIFT_EMIT_LOC_STRINGS = NO;
				SWIFT_VERSION = 5.0;
				TARGETED_DEVICE_FAMILY = "1,2";
				TEST_HOST = "$(BUILT_PRODUCTS_DIR)/PhraseFlow Chinese.app/$(BUNDLE_EXECUTABLE_FOLDER_PATH)/PhraseFlow Chinese";
			};
			name = Debug;
		};
		BBB6EF4C2C8C862A0079D135 /* Release */ = {
			isa = XCBuildConfiguration;
			buildSettings = {
				ALWAYS_EMBED_SWIFT_STANDARD_LIBRARIES = YES;
				BUNDLE_LOADER = "$(TEST_HOST)";
				CODE_SIGN_STYLE = Automatic;
				CURRENT_PROJECT_VERSION = 1;
				DEVELOPMENT_TEAM = NGW7S9DH6U;
				GENERATE_INFOPLIST_FILE = YES;
				IPHONEOS_DEPLOYMENT_TARGET = 17.4;
				MARKETING_VERSION = 1.0;
				PRODUCT_BUNDLE_IDENTIFIER = "com.smileydudelimitedapps.PhraseFlow-ChineseTests";
				PRODUCT_NAME = "$(TARGET_NAME)";
				SWIFT_EMIT_LOC_STRINGS = NO;
				SWIFT_VERSION = 5.0;
				TARGETED_DEVICE_FAMILY = "1,2";
				TEST_HOST = "$(BUILT_PRODUCTS_DIR)/PhraseFlow Chinese.app/$(BUNDLE_EXECUTABLE_FOLDER_PATH)/PhraseFlow Chinese";
			};
			name = Release;
		};
		BBB6EF4E2C8C862A0079D135 /* Debug */ = {
			isa = XCBuildConfiguration;
			buildSettings = {
				ALWAYS_EMBED_SWIFT_STANDARD_LIBRARIES = YES;
				CODE_SIGN_STYLE = Automatic;
				CURRENT_PROJECT_VERSION = 1;
				DEVELOPMENT_TEAM = NGW7S9DH6U;
				GENERATE_INFOPLIST_FILE = YES;
				MARKETING_VERSION = 1.0;
				PRODUCT_BUNDLE_IDENTIFIER = "com.smileydudelimitedapps.PhraseFlow-ChineseUITests";
				PRODUCT_NAME = "$(TARGET_NAME)";
				SWIFT_EMIT_LOC_STRINGS = NO;
				SWIFT_VERSION = 5.0;
				TARGETED_DEVICE_FAMILY = "1,2";
				TEST_TARGET_NAME = "PhraseFlow Chinese";
			};
			name = Debug;
		};
		BBB6EF4F2C8C862A0079D135 /* Release */ = {
			isa = XCBuildConfiguration;
			buildSettings = {
				ALWAYS_EMBED_SWIFT_STANDARD_LIBRARIES = YES;
				CODE_SIGN_STYLE = Automatic;
				CURRENT_PROJECT_VERSION = 1;
				DEVELOPMENT_TEAM = NGW7S9DH6U;
				GENERATE_INFOPLIST_FILE = YES;
				MARKETING_VERSION = 1.0;
				PRODUCT_BUNDLE_IDENTIFIER = "com.smileydudelimitedapps.PhraseFlow-ChineseUITests";
				PRODUCT_NAME = "$(TARGET_NAME)";
				SWIFT_EMIT_LOC_STRINGS = NO;
				SWIFT_VERSION = 5.0;
				TARGETED_DEVICE_FAMILY = "1,2";
				TEST_TARGET_NAME = "PhraseFlow Chinese";
			};
			name = Release;
		};
/* End XCBuildConfiguration section */

/* Begin XCConfigurationList section */
		BBB6EF1E2C8C86240079D135 /* Build configuration list for PBXProject "PhraseFlow Chinese" */ = {
			isa = XCConfigurationList;
			buildConfigurations = (
				BBB6EF452C8C862A0079D135 /* Debug */,
				BBB6EF462C8C862A0079D135 /* Release */,
			);
			defaultConfigurationIsVisible = 0;
			defaultConfigurationName = Release;
		};
		BBB6EF472C8C862A0079D135 /* Build configuration list for PBXNativeTarget "PhraseFlow Chinese" */ = {
			isa = XCConfigurationList;
			buildConfigurations = (
				BBB6EF482C8C862A0079D135 /* Debug */,
				BBB6EF492C8C862A0079D135 /* Release */,
			);
			defaultConfigurationIsVisible = 0;
			defaultConfigurationName = Release;
		};
		BBB6EF4A2C8C862A0079D135 /* Build configuration list for PBXNativeTarget "PhraseFlow ChineseTests" */ = {
			isa = XCConfigurationList;
			buildConfigurations = (
				BBB6EF4B2C8C862A0079D135 /* Debug */,
				BBB6EF4C2C8C862A0079D135 /* Release */,
			);
			defaultConfigurationIsVisible = 0;
			defaultConfigurationName = Release;
		};
		BBB6EF4D2C8C862A0079D135 /* Build configuration list for PBXNativeTarget "PhraseFlow ChineseUITests" */ = {
			isa = XCConfigurationList;
			buildConfigurations = (
				BBB6EF4E2C8C862A0079D135 /* Debug */,
				BBB6EF4F2C8C862A0079D135 /* Release */,
			);
			defaultConfigurationIsVisible = 0;
			defaultConfigurationName = Release;
		};
/* End XCConfigurationList section */

/* Begin XCRemoteSwiftPackageReference section */
		BB4EDAEC2C9047E000699E7D /* XCRemoteSwiftPackageReference "SwiftWhisper" */ = {
			isa = XCRemoteSwiftPackageReference;
			repositoryURL = "https://github.com/exPHAT/SwiftWhisper.git";
			requirement = {
				kind = upToNextMajorVersion;
				minimumVersion = 1.2.0;
			};
		};
		BB4EDAF12C90499900699E7D /* XCRemoteSwiftPackageReference "AudioKit" */ = {
			isa = XCRemoteSwiftPackageReference;
			repositoryURL = "https://github.com/AudioKit/AudioKit.git";
			requirement = {
				kind = upToNextMajorVersion;
				minimumVersion = 5.6.4;
			};
		};
		BB4EDAFE2C90C7E600699E7D /* XCRemoteSwiftPackageReference "reduxkit" */ = {
			isa = XCRemoteSwiftPackageReference;
			repositoryURL = "git@git-gdd.sdo.jlrmotor.com:OFFBOARD/mobile/libraries/ios/kits/reduxkit.git";
			requirement = {
				kind = upToNextMajorVersion;
				minimumVersion = 3.1.0;
			};
		};
/* End XCRemoteSwiftPackageReference section */

/* Begin XCSwiftPackageProductDependency section */
		BB4EDAED2C9047E000699E7D /* SwiftWhisper */ = {
			isa = XCSwiftPackageProductDependency;
			package = BB4EDAEC2C9047E000699E7D /* XCRemoteSwiftPackageReference "SwiftWhisper" */;
			productName = SwiftWhisper;
		};
		BB4EDAF22C90499900699E7D /* AudioKit */ = {
			isa = XCSwiftPackageProductDependency;
			package = BB4EDAF12C90499900699E7D /* XCRemoteSwiftPackageReference "AudioKit" */;
			productName = AudioKit;
		};
		BB4EDAFF2C90C7E600699E7D /* ReduxKit */ = {
			isa = XCSwiftPackageProductDependency;
			package = BB4EDAFE2C90C7E600699E7D /* XCRemoteSwiftPackageReference "reduxkit" */;
			productName = ReduxKit;
		};
/* End XCSwiftPackageProductDependency section */
	};
	rootObject = BBB6EF1B2C8C86240079D135 /* Project object */;
}
