// !$*UTF8*$!
{
	archiveVersion = 1;
	classes = {
	};
	objectVersion = 56;
	objects = {

/* Begin PBXBuildFile section */
		11BAFA982E364D9A00502C14 /* FlowTaleEnvironment.swift in Sources */ = {isa = PBXBuildFile; fileRef = 11BAFA972E364D9A00502C14 /* FlowTaleEnvironment.swift */; };
		11EBA7592E872B67006543D4 /* GoogleService-Info.plist in Resources */ = {isa = PBXBuildFile; fileRef = 11EBA7582E872B67006543D4 /* GoogleService-Info.plist */; };
		11EBA75C2E872C32006543D4 /* FirebaseCore in Frameworks */ = {isa = PBXBuildFile; productRef = 11EBA75B2E872C32006543D4 /* FirebaseCore */; };
		11EBA75E2E872C32006543D4 /* FirebaseRemoteConfig in Frameworks */ = {isa = PBXBuildFile; productRef = 11EBA75D2E872C32006543D4 /* FirebaseRemoteConfig */; };
		11EBA7632E873D77006543D4 /* FirebaseFirestore in Frameworks */ = {isa = PBXBuildFile; productRef = 11EBA7622E873D77006543D4 /* FirebaseFirestore */; };
		11EBA7652E873E08006543D4 /* upload_fal_key_to_firestore.swift in Sources */ = {isa = PBXBuildFile; fileRef = 11EBA7642E873E07006543D4 /* upload_fal_key_to_firestore.swift */; };
		BB34C51E2E29525B00238EA8 /* FTColor in Frameworks */ = {isa = PBXBuildFile; productRef = BB34C51D2E29525B00238EA8 /* FTColor */; };
		BB34C5202E29526700238EA8 /* Localization in Frameworks */ = {isa = PBXBuildFile; productRef = BB34C51F2E29526700238EA8 /* Localization */; };
		BB34C5222E29526C00238EA8 /* Navigation in Frameworks */ = {isa = PBXBuildFile; productRef = BB34C5212E29526C00238EA8 /* Navigation */; };
		BB34C5262E29BF4700238EA8 /* APIRequest in Frameworks */ = {isa = PBXBuildFile; productRef = BB34C5252E29BF4700238EA8 /* APIRequest */; };
		BB34C5282E29BF4700238EA8 /* AppleIcon in Frameworks */ = {isa = PBXBuildFile; productRef = BB34C5272E29BF4700238EA8 /* AppleIcon */; };
		BB34C52A2E29BF4700238EA8 /* Audio in Frameworks */ = {isa = PBXBuildFile; productRef = BB34C5292E29BF4700238EA8 /* Audio */; };
		BB34C52C2E29BF4700238EA8 /* DataStorage in Frameworks */ = {isa = PBXBuildFile; productRef = BB34C52B2E29BF4700238EA8 /* DataStorage */; };
		BB34C5302E29BF4700238EA8 /* FTFont in Frameworks */ = {isa = PBXBuildFile; productRef = BB34C52F2E29BF4700238EA8 /* FTFont */; };
		BB34C5322E29BF4700238EA8 /* ImageGeneration in Frameworks */ = {isa = PBXBuildFile; productRef = BB34C5312E29BF4700238EA8 /* ImageGeneration */; };
		BB34C5342E29BF4700238EA8 /* Loading in Frameworks */ = {isa = PBXBuildFile; productRef = BB34C5332E29BF4700238EA8 /* Loading */; };
		BB34C5362E29BF4700238EA8 /* Moderation in Frameworks */ = {isa = PBXBuildFile; productRef = BB34C5352E29BF4700238EA8 /* Moderation */; };
		BB34C5382E2A4FB200238EA8 /* Settings in Frameworks */ = {isa = PBXBuildFile; productRef = BB34C5372E2A4FB200238EA8 /* Settings */; };
		BB34C53A2E2A4FB200238EA8 /* SnackBar in Frameworks */ = {isa = PBXBuildFile; productRef = BB34C5392E2A4FB200238EA8 /* SnackBar */; };
		BB34C53C2E2A4FB200238EA8 /* Speech in Frameworks */ = {isa = PBXBuildFile; productRef = BB34C53B2E2A4FB200238EA8 /* Speech */; };
		BB34C53E2E2A4FB200238EA8 /* Story in Frameworks */ = {isa = PBXBuildFile; productRef = BB34C53D2E2A4FB200238EA8 /* Story */; };
		BB34C5402E2A4FB200238EA8 /* Study in Frameworks */ = {isa = PBXBuildFile; productRef = BB34C53F2E2A4FB200238EA8 /* Study */; };
		BB34C5422E2A4FB200238EA8 /* Subscription in Frameworks */ = {isa = PBXBuildFile; productRef = BB34C5412E2A4FB200238EA8 /* Subscription */; };
		BB34C5442E2A4FB200238EA8 /* TextGeneration in Frameworks */ = {isa = PBXBuildFile; productRef = BB34C5432E2A4FB200238EA8 /* TextGeneration */; };
		BB34C5462E2A4FB200238EA8 /* Translation in Frameworks */ = {isa = PBXBuildFile; productRef = BB34C5452E2A4FB200238EA8 /* Translation */; };
		BB34C5482E2A4FB200238EA8 /* UserLimit in Frameworks */ = {isa = PBXBuildFile; productRef = BB34C5472E2A4FB200238EA8 /* UserLimit */; };
		BBB6EF272C8C86240079D135 /* FlowTaleApp.swift in Sources */ = {isa = PBXBuildFile; fileRef = BBB6EF262C8C86240079D135 /* FlowTaleApp.swift */; };
		BBB6EF292C8C86240079D135 /* ContentView.swift in Sources */ = {isa = PBXBuildFile; fileRef = BBB6EF282C8C86240079D135 /* ContentView.swift */; };
		BBB6EF2B2C8C86290079D135 /* Assets.xcassets in Resources */ = {isa = PBXBuildFile; fileRef = BBB6EF2A2C8C86290079D135 /* Assets.xcassets */; };
		BBB6EF2E2C8C86290079D135 /* Preview Assets.xcassets in Resources */ = {isa = PBXBuildFile; fileRef = BBB6EF2D2C8C86290079D135 /* Preview Assets.xcassets */; };
		BBB6EF382C8C862A0079D135 /* FlowTaleTests.swift in Sources */ = {isa = PBXBuildFile; fileRef = BBB6EF372C8C862A0079D135 /* FlowTaleTests.swift */; };
		BBB6EF422C8C862A0079D135 /* FlowTaleUITests.swift in Sources */ = {isa = PBXBuildFile; fileRef = BBB6EF412C8C862A0079D135 /* FlowTaleUITests.swift */; };
		BBB6EF442C8C862A0079D135 /* FlowTaleUITestsLaunchTests.swift in Sources */ = {isa = PBXBuildFile; fileRef = BBB6EF432C8C862A0079D135 /* FlowTaleUITestsLaunchTests.swift */; };
/* End PBXBuildFile section */

/* Begin PBXContainerItemProxy section */
		BBB6EF342C8C862A0079D135 /* PBXContainerItemProxy */ = {
			isa = PBXContainerItemProxy;
			containerPortal = BBB6EF1B2C8C86240079D135 /* Project object */;
			proxyType = 1;
			remoteGlobalIDString = BBB6EF222C8C86240079D135;
			remoteInfo = "PhraseFlow Chinese";
		};
		BBB6EF3E2C8C862A0079D135 /* PBXContainerItemProxy */ = {
			isa = PBXContainerItemProxy;
			containerPortal = BBB6EF1B2C8C86240079D135 /* Project object */;
			proxyType = 1;
			remoteGlobalIDString = BBB6EF222C8C86240079D135;
			remoteInfo = "PhraseFlow Chinese";
		};
/* End PBXContainerItemProxy section */

/* Begin PBXFileReference section */
		112BE27C2E32C39F006E80FC /* FTStyleKit */ = {isa = PBXFileReference; lastKnownFileType = wrapper; path = FTStyleKit; sourceTree = "<group>"; };
		11BAFA972E364D9A00502C14 /* FlowTaleEnvironment.swift */ = {isa = PBXFileReference; lastKnownFileType = sourcecode.swift; path = FlowTaleEnvironment.swift; sourceTree = "<group>"; };
		11EBA7582E872B67006543D4 /* GoogleService-Info.plist */ = {isa = PBXFileReference; lastKnownFileType = text.plist.xml; path = "GoogleService-Info.plist"; sourceTree = "<group>"; };
		11EBA7642E873E07006543D4 /* upload_fal_key_to_firestore.swift */ = {isa = PBXFileReference; lastKnownFileType = sourcecode.swift; path = upload_fal_key_to_firestore.swift; sourceTree = "<group>"; };
		11FF5A612E67580D007F1A22 /* TextPractice */ = {isa = PBXFileReference; lastKnownFileType = wrapper; path = TextPractice; sourceTree = "<group>"; };
		11FF5A632E7DC3A0007F1A22 /* FlowTaleTestPlan.xctestplan */ = {isa = PBXFileReference; lastKnownFileType = text; path = FlowTaleTestPlan.xctestplan; sourceTree = "<group>"; };
		BB34C5022E2430BA00238EA8 /* Study */ = {isa = PBXFileReference; lastKnownFileType = wrapper; path = Study; sourceTree = "<group>"; };
		BB34C5042E25279800238EA8 /* Story */ = {isa = PBXFileReference; lastKnownFileType = wrapper; path = Story; sourceTree = "<group>"; };
		BB34C5052E252D7100238EA8 /* Speech */ = {isa = PBXFileReference; lastKnownFileType = wrapper; path = Speech; sourceTree = "<group>"; };
		BB34C5062E28258A00238EA8 /* Settings */ = {isa = PBXFileReference; lastKnownFileType = wrapper; path = Settings; sourceTree = "<group>"; };
		BB34C5072E28264C00238EA8 /* Localization */ = {isa = PBXFileReference; lastKnownFileType = wrapper; path = Localization; sourceTree = "<group>"; };
		BB34C5092E2832D900238EA8 /* Translation */ = {isa = PBXFileReference; lastKnownFileType = wrapper; path = Translation; sourceTree = "<group>"; };
		BB34C50A2E2836E000238EA8 /* Moderation */ = {isa = PBXFileReference; lastKnownFileType = wrapper; path = Moderation; sourceTree = "<group>"; };
		BB34C50B2E28373F00238EA8 /* Subscription */ = {isa = PBXFileReference; lastKnownFileType = wrapper; path = Subscription; sourceTree = "<group>"; };
		BB34C50C2E285EEC00238EA8 /* ImageGeneration */ = {isa = PBXFileReference; lastKnownFileType = wrapper; path = ImageGeneration; sourceTree = "<group>"; };
		BB34C5112E28615700238EA8 /* TextGeneration */ = {isa = PBXFileReference; lastKnownFileType = wrapper; path = TextGeneration; sourceTree = "<group>"; };
		BB34C5132E28F62B00238EA8 /* FTFont */ = {isa = PBXFileReference; lastKnownFileType = wrapper; path = FTFont; sourceTree = "<group>"; };
		BB34C5142E28F6F800238EA8 /* Audio */ = {isa = PBXFileReference; lastKnownFileType = wrapper; path = Audio; sourceTree = "<group>"; };
		BB34C5152E28F97000238EA8 /* SnackBar */ = {isa = PBXFileReference; lastKnownFileType = wrapper; path = SnackBar; sourceTree = "<group>"; };
		BB34C5162E28FA1900238EA8 /* Loading */ = {isa = PBXFileReference; lastKnownFileType = wrapper; path = Loading; sourceTree = "<group>"; };
		BB34C5172E28FCD300238EA8 /* DataStorage */ = {isa = PBXFileReference; lastKnownFileType = wrapper; path = DataStorage; sourceTree = "<group>"; };
		BB34C5182E29007F00238EA8 /* UserLimit */ = {isa = PBXFileReference; lastKnownFileType = wrapper; path = UserLimit; sourceTree = "<group>"; };
		BB34C5192E29012A00238EA8 /* Navigation */ = {isa = PBXFileReference; lastKnownFileType = wrapper; path = Navigation; sourceTree = "<group>"; };
		BB34C51A2E2905B700238EA8 /* APIRequest */ = {isa = PBXFileReference; lastKnownFileType = wrapper; path = APIRequest; sourceTree = "<group>"; };
		BB34C51B2E290A2300238EA8 /* AppleIcon */ = {isa = PBXFileReference; lastKnownFileType = wrapper; path = AppleIcon; sourceTree = "<group>"; };
		BB34C51C2E290A7C00238EA8 /* FTColor */ = {isa = PBXFileReference; lastKnownFileType = wrapper; path = FTColor; sourceTree = "<group>"; };
		BBB6EF232C8C86240079D135 /* FlowTale.app */ = {isa = PBXFileReference; explicitFileType = wrapper.application; includeInIndex = 0; path = FlowTale.app; sourceTree = BUILT_PRODUCTS_DIR; };
		BBB6EF262C8C86240079D135 /* FlowTaleApp.swift */ = {isa = PBXFileReference; lastKnownFileType = sourcecode.swift; path = FlowTaleApp.swift; sourceTree = "<group>"; };
		BBB6EF282C8C86240079D135 /* ContentView.swift */ = {isa = PBXFileReference; lastKnownFileType = sourcecode.swift; path = ContentView.swift; sourceTree = "<group>"; };
		BBB6EF2A2C8C86290079D135 /* Assets.xcassets */ = {isa = PBXFileReference; lastKnownFileType = folder.assetcatalog; path = Assets.xcassets; sourceTree = "<group>"; };
		BBB6EF2D2C8C86290079D135 /* Preview Assets.xcassets */ = {isa = PBXFileReference; lastKnownFileType = folder.assetcatalog; path = "Preview Assets.xcassets"; sourceTree = "<group>"; };
		BBB6EF332C8C862A0079D135 /* FlowTaleTests.xctest */ = {isa = PBXFileReference; explicitFileType = wrapper.cfbundle; includeInIndex = 0; path = FlowTaleTests.xctest; sourceTree = BUILT_PRODUCTS_DIR; };
		BBB6EF372C8C862A0079D135 /* FlowTaleTests.swift */ = {isa = PBXFileReference; lastKnownFileType = sourcecode.swift; path = FlowTaleTests.swift; sourceTree = "<group>"; };
		BBB6EF3D2C8C862A0079D135 /* FlowTaleUITests.xctest */ = {isa = PBXFileReference; explicitFileType = wrapper.cfbundle; includeInIndex = 0; path = FlowTaleUITests.xctest; sourceTree = BUILT_PRODUCTS_DIR; };
		BBB6EF412C8C862A0079D135 /* FlowTaleUITests.swift */ = {isa = PBXFileReference; lastKnownFileType = sourcecode.swift; path = FlowTaleUITests.swift; sourceTree = "<group>"; };
		BBB6EF432C8C862A0079D135 /* FlowTaleUITestsLaunchTests.swift */ = {isa = PBXFileReference; lastKnownFileType = sourcecode.swift; path = FlowTaleUITestsLaunchTests.swift; sourceTree = "<group>"; };
/* End PBXFileReference section */

/* Begin PBXFrameworksBuildPhase section */
		BBB6EF202C8C86240079D135 /* Frameworks */ = {
			isa = PBXFrameworksBuildPhase;
			buildActionMask = 2147483647;
			files = (
				BB34C53A2E2A4FB200238EA8 /* SnackBar in Frameworks */,
				BB34C5462E2A4FB200238EA8 /* Translation in Frameworks */,
				BB34C52C2E29BF4700238EA8 /* DataStorage in Frameworks */,
				BB34C53C2E2A4FB200238EA8 /* Speech in Frameworks */,
				11EBA75C2E872C32006543D4 /* FirebaseCore in Frameworks */,
				BB34C5362E29BF4700238EA8 /* Moderation in Frameworks */,
				BB34C52A2E29BF4700238EA8 /* Audio in Frameworks */,
				BB34C51E2E29525B00238EA8 /* FTColor in Frameworks */,
				BB34C5482E2A4FB200238EA8 /* UserLimit in Frameworks */,
				BB34C5342E29BF4700238EA8 /* Loading in Frameworks */,
				BB34C5322E29BF4700238EA8 /* ImageGeneration in Frameworks */,
				11EBA75E2E872C32006543D4 /* FirebaseRemoteConfig in Frameworks */,
				BB34C5262E29BF4700238EA8 /* APIRequest in Frameworks */,
				BB34C5202E29526700238EA8 /* Localization in Frameworks */,
				BB34C5422E2A4FB200238EA8 /* Subscription in Frameworks */,
				11EBA7632E873D77006543D4 /* FirebaseFirestore in Frameworks */,
				BB34C5402E2A4FB200238EA8 /* Study in Frameworks */,
				BB34C5442E2A4FB200238EA8 /* TextGeneration in Frameworks */,
				BB34C5382E2A4FB200238EA8 /* Settings in Frameworks */,
				BB34C5282E29BF4700238EA8 /* AppleIcon in Frameworks */,
				BB34C53E2E2A4FB200238EA8 /* Story in Frameworks */,
				BB34C5222E29526C00238EA8 /* Navigation in Frameworks */,
				BB34C5302E29BF4700238EA8 /* FTFont in Frameworks */,
			);
			runOnlyForDeploymentPostprocessing = 0;
		};
		BBB6EF302C8C862A0079D135 /* Frameworks */ = {
			isa = PBXFrameworksBuildPhase;
			buildActionMask = 2147483647;
			files = (
			);
			runOnlyForDeploymentPostprocessing = 0;
		};
		BBB6EF3A2C8C862A0079D135 /* Frameworks */ = {
			isa = PBXFrameworksBuildPhase;
			buildActionMask = 2147483647;
			files = (
			);
			runOnlyForDeploymentPostprocessing = 0;
		};
/* End PBXFrameworksBuildPhase section */

/* Begin PBXGroup section */
		BBB6EF1A2C8C86240079D135 = {
			isa = PBXGroup;
			children = (
				BB34C51A2E2905B700238EA8 /* APIRequest */,
				BB34C51B2E290A2300238EA8 /* AppleIcon */,
				BB34C5142E28F6F800238EA8 /* Audio */,
				BB34C5172E28FCD300238EA8 /* DataStorage */,
				BB34C51C2E290A7C00238EA8 /* FTColor */,
				BB34C5132E28F62B00238EA8 /* FTFont */,
				112BE27C2E32C39F006E80FC /* FTStyleKit */,
				BB34C50C2E285EEC00238EA8 /* ImageGeneration */,
				BB34C5162E28FA1900238EA8 /* Loading */,
				BB34C5072E28264C00238EA8 /* Localization */,
				BB34C50A2E2836E000238EA8 /* Moderation */,
				BB34C5192E29012A00238EA8 /* Navigation */,
				BB34C5062E28258A00238EA8 /* Settings */,
				BB34C5152E28F97000238EA8 /* SnackBar */,
				BB34C5052E252D7100238EA8 /* Speech */,
				BB34C5042E25279800238EA8 /* Story */,
				BB34C5022E2430BA00238EA8 /* Study */,
				BB34C50B2E28373F00238EA8 /* Subscription */,
				BB34C5112E28615700238EA8 /* TextGeneration */,
				11FF5A612E67580D007F1A22 /* TextPractice */,
				BB34C5092E2832D900238EA8 /* Translation */,
				BB34C5182E29007F00238EA8 /* UserLimit */,
				BBB6EF252C8C86240079D135 /* FlowTale */,
				BBB6EF362C8C862A0079D135 /* FlowTaleTests */,
				BBB6EF402C8C862A0079D135 /* FlowTaleUITests */,
				BBB6EF242C8C86240079D135 /* Products */,
				11FF5A632E7DC3A0007F1A22 /* FlowTaleTestPlan.xctestplan */,
			);
			sourceTree = "<group>";
		};
		BBB6EF242C8C86240079D135 /* Products */ = {
			isa = PBXGroup;
			children = (
				BBB6EF232C8C86240079D135 /* FlowTale.app */,
				BBB6EF332C8C862A0079D135 /* FlowTaleTests.xctest */,
				BBB6EF3D2C8C862A0079D135 /* FlowTaleUITests.xctest */,
			);
			name = Products;
			sourceTree = "<group>";
		};
		BBB6EF252C8C86240079D135 /* FlowTale */ = {
			isa = PBXGroup;
			children = (
				11EBA7642E873E07006543D4 /* upload_fal_key_to_firestore.swift */,
				11EBA7582E872B67006543D4 /* GoogleService-Info.plist */,
				BBB6EF262C8C86240079D135 /* FlowTaleApp.swift */,
				11BAFA972E364D9A00502C14 /* FlowTaleEnvironment.swift */,
				BBB6EF282C8C86240079D135 /* ContentView.swift */,
				BBB6EF2A2C8C86290079D135 /* Assets.xcassets */,
				BBB6EF2C2C8C86290079D135 /* Preview Content */,
			);
			path = FlowTale;
			sourceTree = "<group>";
		};
		BBB6EF2C2C8C86290079D135 /* Preview Content */ = {
			isa = PBXGroup;
			children = (
				BBB6EF2D2C8C86290079D135 /* Preview Assets.xcassets */,
			);
			path = "Preview Content";
			sourceTree = "<group>";
		};
		BBB6EF362C8C862A0079D135 /* FlowTaleTests */ = {
			isa = PBXGroup;
			children = (
				BBB6EF372C8C862A0079D135 /* FlowTaleTests.swift */,
			);
			path = FlowTaleTests;
			sourceTree = "<group>";
		};
		BBB6EF402C8C862A0079D135 /* FlowTaleUITests */ = {
			isa = PBXGroup;
			children = (
				BBB6EF412C8C862A0079D135 /* FlowTaleUITests.swift */,
				BBB6EF432C8C862A0079D135 /* FlowTaleUITestsLaunchTests.swift */,
			);
			path = FlowTaleUITests;
			sourceTree = "<group>";
		};
/* End PBXGroup section */

/* Begin PBXNativeTarget section */
		BBB6EF222C8C86240079D135 /* FlowTale */ = {
			isa = PBXNativeTarget;
			buildConfigurationList = BBB6EF472C8C862A0079D135 /* Build configuration list for PBXNativeTarget "FlowTale" */;
			buildPhases = (
				BBB6EF1F2C8C86240079D135 /* Sources */,
				BBB6EF202C8C86240079D135 /* Frameworks */,
				BBB6EF212C8C86240079D135 /* Resources */,
			);
			buildRules = (
			);
			dependencies = (
			);
			name = FlowTale;
			packageProductDependencies = (
				BB34C51D2E29525B00238EA8 /* FTColor */,
				BB34C51F2E29526700238EA8 /* Localization */,
				BB34C5212E29526C00238EA8 /* Navigation */,
				BB34C5252E29BF4700238EA8 /* APIRequest */,
				BB34C5272E29BF4700238EA8 /* AppleIcon */,
				BB34C5292E29BF4700238EA8 /* Audio */,
				BB34C52B2E29BF4700238EA8 /* DataStorage */,
				BB34C52F2E29BF4700238EA8 /* FTFont */,
				BB34C5312E29BF4700238EA8 /* ImageGeneration */,
				BB34C5332E29BF4700238EA8 /* Loading */,
				BB34C5352E29BF4700238EA8 /* Moderation */,
				BB34C5372E2A4FB200238EA8 /* Settings */,
				BB34C5392E2A4FB200238EA8 /* SnackBar */,
				BB34C53B2E2A4FB200238EA8 /* Speech */,
				BB34C53D2E2A4FB200238EA8 /* Story */,
				BB34C53F2E2A4FB200238EA8 /* Study */,
				BB34C5412E2A4FB200238EA8 /* Subscription */,
				BB34C5432E2A4FB200238EA8 /* TextGeneration */,
				BB34C5452E2A4FB200238EA8 /* Translation */,
				BB34C5472E2A4FB200238EA8 /* UserLimit */,
				11EBA75B2E872C32006543D4 /* FirebaseCore */,
				11EBA75D2E872C32006543D4 /* FirebaseRemoteConfig */,
				11EBA7622E873D77006543D4 /* FirebaseFirestore */,
			);
			productName = "PhraseFlow Chinese";
			productReference = BBB6EF232C8C86240079D135 /* FlowTale.app */;
			productType = "com.apple.product-type.application";
		};
		BBB6EF322C8C862A0079D135 /* FlowTaleTests */ = {
			isa = PBXNativeTarget;
			buildConfigurationList = BBB6EF4A2C8C862A0079D135 /* Build configuration list for PBXNativeTarget "FlowTaleTests" */;
			buildPhases = (
				BBB6EF2F2C8C862A0079D135 /* Sources */,
				BBB6EF302C8C862A0079D135 /* Frameworks */,
				BBB6EF312C8C862A0079D135 /* Resources */,
			);
			buildRules = (
			);
			dependencies = (
				BBB6EF352C8C862A0079D135 /* PBXTargetDependency */,
			);
			name = FlowTaleTests;
			productName = "PhraseFlow ChineseTests";
			productReference = BBB6EF332C8C862A0079D135 /* FlowTaleTests.xctest */;
			productType = "com.apple.product-type.bundle.unit-test";
		};
		BBB6EF3C2C8C862A0079D135 /* FlowTaleUITests */ = {
			isa = PBXNativeTarget;
			buildConfigurationList = BBB6EF4D2C8C862A0079D135 /* Build configuration list for PBXNativeTarget "FlowTaleUITests" */;
			buildPhases = (
				BBB6EF392C8C862A0079D135 /* Sources */,
				BBB6EF3A2C8C862A0079D135 /* Frameworks */,
				BBB6EF3B2C8C862A0079D135 /* Resources */,
			);
			buildRules = (
			);
			dependencies = (
				BBB6EF3F2C8C862A0079D135 /* PBXTargetDependency */,
			);
			name = FlowTaleUITests;
			productName = "PhraseFlow ChineseUITests";
			productReference = BBB6EF3D2C8C862A0079D135 /* FlowTaleUITests.xctest */;
			productType = "com.apple.product-type.bundle.ui-testing";
		};
/* End PBXNativeTarget section */

/* Begin PBXProject section */
		BBB6EF1B2C8C86240079D135 /* Project object */ = {
			isa = PBXProject;
			attributes = {
				BuildIndependentTargetsInParallel = 1;
				LastSwiftUpdateCheck = 1530;
				LastUpgradeCheck = 1620;
				TargetAttributes = {
					BBB6EF222C8C86240079D135 = {
						CreatedOnToolsVersion = 15.3;
						LastSwiftMigration = 1530;
					};
					BBB6EF322C8C862A0079D135 = {
						CreatedOnToolsVersion = 15.3;
						TestTargetID = BBB6EF222C8C86240079D135;
					};
					BBB6EF3C2C8C862A0079D135 = {
						CreatedOnToolsVersion = 15.3;
						TestTargetID = BBB6EF222C8C86240079D135;
					};
				};
			};
			buildConfigurationList = BBB6EF1E2C8C86240079D135 /* Build configuration list for PBXProject "FlowTale" */;
			compatibilityVersion = "Xcode 14.0";
			developmentRegion = en;
			hasScannedForEncodings = 0;
			knownRegions = (
				en,
				fr,
				"zh-Hans",
				es,
				ar,
				hi,
				ru,
				ko,
				ja,
				"pt-BR",
				"pt-PT",
				de,
				Base,
			);
			mainGroup = BBB6EF1A2C8C86240079D135;
			packageReferences = (
				11EBA75A2E872C32006543D4 /* XCRemoteSwiftPackageReference "firebase-ios-sdk" */,
				11EBA7B32E8861E0006543D4 /* XCRemoteSwiftPackageReference "reduxkit" */,
			);
			productRefGroup = BBB6EF242C8C86240079D135 /* Products */;
			projectDirPath = "";
			projectRoot = "";
			targets = (
				BBB6EF222C8C86240079D135 /* FlowTale */,
				BBB6EF322C8C862A0079D135 /* FlowTaleTests */,
				BBB6EF3C2C8C862A0079D135 /* FlowTaleUITests */,
			);
		};
/* End PBXProject section */

/* Begin PBXResourcesBuildPhase section */
		BBB6EF212C8C86240079D135 /* Resources */ = {
			isa = PBXResourcesBuildPhase;
			buildActionMask = 2147483647;
			files = (
				BBB6EF2E2C8C86290079D135 /* Preview Assets.xcassets in Resources */,
				BBB6EF2B2C8C86290079D135 /* Assets.xcassets in Resources */,
				11EBA7592E872B67006543D4 /* GoogleService-Info.plist in Resources */,
			);
			runOnlyForDeploymentPostprocessing = 0;
		};
		BBB6EF312C8C862A0079D135 /* Resources */ = {
			isa = PBXResourcesBuildPhase;
			buildActionMask = 2147483647;
			files = (
			);
			runOnlyForDeploymentPostprocessing = 0;
		};
		BBB6EF3B2C8C862A0079D135 /* Resources */ = {
			isa = PBXResourcesBuildPhase;
			buildActionMask = 2147483647;
			files = (
			);
			runOnlyForDeploymentPostprocessing = 0;
		};
/* End PBXResourcesBuildPhase section */

/* Begin PBXSourcesBuildPhase section */
		BBB6EF1F2C8C86240079D135 /* Sources */ = {
			isa = PBXSourcesBuildPhase;
			buildActionMask = 2147483647;
			files = (
				BBB6EF292C8C86240079D135 /* ContentView.swift in Sources */,
				11EBA7652E873E08006543D4 /* upload_fal_key_to_firestore.swift in Sources */,
				BBB6EF272C8C86240079D135 /* FlowTaleApp.swift in Sources */,
				11BAFA982E364D9A00502C14 /* FlowTaleEnvironment.swift in Sources */,
			);
			runOnlyForDeploymentPostprocessing = 0;
		};
		BBB6EF2F2C8C862A0079D135 /* Sources */ = {
			isa = PBXSourcesBuildPhase;
			buildActionMask = 2147483647;
			files = (
				BBB6EF382C8C862A0079D135 /* FlowTaleTests.swift in Sources */,
			);
			runOnlyForDeploymentPostprocessing = 0;
		};
		BBB6EF392C8C862A0079D135 /* Sources */ = {
			isa = PBXSourcesBuildPhase;
			buildActionMask = 2147483647;
			files = (
				BBB6EF422C8C862A0079D135 /* FlowTaleUITests.swift in Sources */,
				BBB6EF442C8C862A0079D135 /* FlowTaleUITestsLaunchTests.swift in Sources */,
			);
			runOnlyForDeploymentPostprocessing = 0;
		};
/* End PBXSourcesBuildPhase section */

/* Begin PBXTargetDependency section */
		BBB6EF352C8C862A0079D135 /* PBXTargetDependency */ = {
			isa = PBXTargetDependency;
			target = BBB6EF222C8C86240079D135 /* FlowTale */;
			targetProxy = BBB6EF342C8C862A0079D135 /* PBXContainerItemProxy */;
		};
		BBB6EF3F2C8C862A0079D135 /* PBXTargetDependency */ = {
			isa = PBXTargetDependency;
			target = BBB6EF222C8C86240079D135 /* FlowTale */;
			targetProxy = BBB6EF3E2C8C862A0079D135 /* PBXContainerItemProxy */;
		};
/* End PBXTargetDependency section */

/* Begin XCBuildConfiguration section */
		BBB6EF452C8C862A0079D135 /* Debug */ = {
			isa = XCBuildConfiguration;
			buildSettings = {
				ALWAYS_SEARCH_USER_PATHS = NO;
				ASSETCATALOG_COMPILER_GENERATE_SWIFT_ASSET_SYMBOL_EXTENSIONS = YES;
				CLANG_ANALYZER_LOCALIZABILITY_NONLOCALIZED = YES;
				CLANG_ANALYZER_NONNULL = YES;
				CLANG_ANALYZER_NUMBER_OBJECT_CONVERSION = YES_AGGRESSIVE;
				CLANG_CXX_LANGUAGE_STANDARD = "gnu++14";
				CLANG_ENABLE_MODULES = YES;
				CLANG_ENABLE_OBJC_ARC = YES;
				CLANG_ENABLE_OBJC_WEAK = YES;
				CLANG_WARN_BLOCK_CAPTURE_AUTORELEASING = YES;
				CLANG_WARN_BOOL_CONVERSION = YES;
				CLANG_WARN_COMMA = YES;
				CLANG_WARN_CONSTANT_CONVERSION = YES;
				CLANG_WARN_DEPRECATED_OBJC_IMPLEMENTATIONS = YES;
				CLANG_WARN_DIRECT_OBJC_ISA_USAGE = YES_ERROR;
				CLANG_WARN_DOCUMENTATION_COMMENTS = YES;
				CLANG_WARN_EMPTY_BODY = YES;
				CLANG_WARN_ENUM_CONVERSION = YES;
				CLANG_WARN_INFINITE_RECURSION = YES;
				CLANG_WARN_INT_CONVERSION = YES;
				CLANG_WARN_NON_LITERAL_NULL_CONVERSION = YES;
				CLANG_WARN_OBJC_IMPLICIT_RETAIN_SELF = YES;
				CLANG_WARN_OBJC_LITERAL_CONVERSION = YES;
				CLANG_WARN_OBJC_ROOT_CLASS = YES_ERROR;
				CLANG_WARN_QUOTED_INCLUDE_IN_FRAMEWORK_HEADER = YES;
				CLANG_WARN_RANGE_LOOP_ANALYSIS = YES;
				CLANG_WARN_STRICT_PROTOTYPES = YES;
				CLANG_WARN_SUSPICIOUS_MOVE = YES;
				CLANG_WARN_UNGUARDED_AVAILABILITY = YES_AGGRESSIVE;
				CLANG_WARN_UNREACHABLE_CODE = YES;
				CLANG_WARN__DUPLICATE_METHOD_MATCH = YES;
				COPY_PHASE_STRIP = NO;
				DEBUG_INFORMATION_FORMAT = dwarf;
				ENABLE_STRICT_OBJC_MSGSEND = YES;
				ENABLE_TESTABILITY = YES;
				ENABLE_USER_SCRIPT_SANDBOXING = NO;
				GCC_C_LANGUAGE_STANDARD = gnu17;
				GCC_DYNAMIC_NO_PIC = NO;
				GCC_NO_COMMON_BLOCKS = YES;
				GCC_OPTIMIZATION_LEVEL = 0;
				GCC_PREPROCESSOR_DEFINITIONS = (
					"DEBUG=1",
					"$(inherited)",
				);
				GCC_WARN_64_TO_32_BIT_CONVERSION = YES;
				GCC_WARN_ABOUT_RETURN_TYPE = YES_ERROR;
				GCC_WARN_UNDECLARED_SELECTOR = YES;
				GCC_WARN_UNINITIALIZED_AUTOS = YES_AGGRESSIVE;
				GCC_WARN_UNUSED_FUNCTION = YES;
				GCC_WARN_UNUSED_VARIABLE = YES;
				IPHONEOS_DEPLOYMENT_TARGET = 17.4;
				LOCALIZATION_PREFERS_STRING_CATALOGS = YES;
				MTL_ENABLE_DEBUG_INFO = INCLUDE_SOURCE;
				MTL_FAST_MATH = YES;
				ONLY_ACTIVE_ARCH = YES;
				SDKROOT = iphoneos;
				SWIFT_ACTIVE_COMPILATION_CONDITIONS = "DEBUG $(inherited)";
				SWIFT_OPTIMIZATION_LEVEL = "-Onone";
			};
			name = Debug;
		};
		BBB6EF462C8C862A0079D135 /* Release */ = {
			isa = XCBuildConfiguration;
			buildSettings = {
				ALWAYS_SEARCH_USER_PATHS = NO;
				ASSETCATALOG_COMPILER_GENERATE_SWIFT_ASSET_SYMBOL_EXTENSIONS = YES;
				CLANG_ANALYZER_LOCALIZABILITY_NONLOCALIZED = YES;
				CLANG_ANALYZER_NONNULL = YES;
				CLANG_ANALYZER_NUMBER_OBJECT_CONVERSION = YES_AGGRESSIVE;
				CLANG_CXX_LANGUAGE_STANDARD = "gnu++14";
				CLANG_ENABLE_MODULES = YES;
				CLANG_ENABLE_OBJC_ARC = YES;
				CLANG_ENABLE_OBJC_WEAK = YES;
				CLANG_WARN_BLOCK_CAPTURE_AUTORELEASING = YES;
				CLANG_WARN_BOOL_CONVERSION = YES;
				CLANG_WARN_COMMA = YES;
				CLANG_WARN_CONSTANT_CONVERSION = YES;
				CLANG_WARN_DEPRECATED_OBJC_IMPLEMENTATIONS = YES;
				CLANG_WARN_DIRECT_OBJC_ISA_USAGE = YES_ERROR;
				CLANG_WARN_DOCUMENTATION_COMMENTS = YES;
				CLANG_WARN_EMPTY_BODY = YES;
				CLANG_WARN_ENUM_CONVERSION = YES;
				CLANG_WARN_INFINITE_RECURSION = YES;
				CLANG_WARN_INT_CONVERSION = YES;
				CLANG_WARN_NON_LITERAL_NULL_CONVERSION = YES;
				CLANG_WARN_OBJC_IMPLICIT_RETAIN_SELF = YES;
				CLANG_WARN_OBJC_LITERAL_CONVERSION = YES;
				CLANG_WARN_OBJC_ROOT_CLASS = YES_ERROR;
				CLANG_WARN_QUOTED_INCLUDE_IN_FRAMEWORK_HEADER = YES;
				CLANG_WARN_RANGE_LOOP_ANALYSIS = YES;
				CLANG_WARN_STRICT_PROTOTYPES = YES;
				CLANG_WARN_SUSPICIOUS_MOVE = YES;
				CLANG_WARN_UNGUARDED_AVAILABILITY = YES_AGGRESSIVE;
				CLANG_WARN_UNREACHABLE_CODE = YES;
				CLANG_WARN__DUPLICATE_METHOD_MATCH = YES;
				COPY_PHASE_STRIP = NO;
				DEBUG_INFORMATION_FORMAT = "dwarf-with-dsym";
				ENABLE_NS_ASSERTIONS = NO;
				ENABLE_STRICT_OBJC_MSGSEND = YES;
				ENABLE_USER_SCRIPT_SANDBOXING = NO;
				GCC_C_LANGUAGE_STANDARD = gnu17;
				GCC_NO_COMMON_BLOCKS = YES;
				GCC_WARN_64_TO_32_BIT_CONVERSION = YES;
				GCC_WARN_ABOUT_RETURN_TYPE = YES_ERROR;
				GCC_WARN_UNDECLARED_SELECTOR = YES;
				GCC_WARN_UNINITIALIZED_AUTOS = YES_AGGRESSIVE;
				GCC_WARN_UNUSED_FUNCTION = YES;
				GCC_WARN_UNUSED_VARIABLE = YES;
				IPHONEOS_DEPLOYMENT_TARGET = 17.4;
				LOCALIZATION_PREFERS_STRING_CATALOGS = YES;
				MTL_ENABLE_DEBUG_INFO = NO;
				MTL_FAST_MATH = YES;
				SDKROOT = iphoneos;
				SWIFT_COMPILATION_MODE = wholemodule;
				VALIDATE_PRODUCT = YES;
			};
			name = Release;
		};
		BBB6EF482C8C862A0079D135 /* Debug */ = {
			isa = XCBuildConfiguration;
			buildSettings = {
				ASSETCATALOG_COMPILER_APPICON_NAME = AppIcon;
				ASSETCATALOG_COMPILER_GLOBAL_ACCENT_COLOR_NAME = AccentColor;
				CLANG_ENABLE_MODULES = YES;
				CODE_SIGN_STYLE = Automatic;
				CURRENT_PROJECT_VERSION = 75;
				DEVELOPMENT_ASSET_PATHS = "\"FlowTale/Preview Content\"";
				DEVELOPMENT_TEAM = NGW7S9DH6U;
				ENABLE_PREVIEWS = YES;
				GENERATE_INFOPLIST_FILE = YES;
				INFOPLIST_KEY_CFBundleDisplayName = FlowTale;
				INFOPLIST_KEY_UIApplicationSceneManifest_Generation = YES;
				INFOPLIST_KEY_UIApplicationSupportsIndirectInputEvents = YES;
				INFOPLIST_KEY_UILaunchScreen_Generation = YES;
				INFOPLIST_KEY_UISupportedInterfaceOrientations = UIInterfaceOrientationPortrait;
				INFOPLIST_KEY_UISupportedInterfaceOrientations_iPad = "UIInterfaceOrientationLandscapeLeft UIInterfaceOrientationLandscapeRight UIInterfaceOrientationPortrait UIInterfaceOrientationPortraitUpsideDown";
				LD_RUNPATH_SEARCH_PATHS = (
					"$(inherited)",
					"@executable_path/Frameworks",
				);
				MARKETING_VERSION = 2.0;
				PRODUCT_BUNDLE_IDENTIFIER = "com.smileydudelimitedapps.PhraseFlow-Chinese";
				PRODUCT_NAME = "$(TARGET_NAME)";
				SWIFT_EMIT_LOC_STRINGS = YES;
				SWIFT_OBJC_BRIDGING_HEADER = "";
				SWIFT_OPTIMIZATION_LEVEL = "-Onone";
				SWIFT_VERSION = 6.0;
				TARGETED_DEVICE_FAMILY = "1,2";
			};
			name = Debug;
		};
		BBB6EF492C8C862A0079D135 /* Release */ = {
			isa = XCBuildConfiguration;
			buildSettings = {
				ASSETCATALOG_COMPILER_APPICON_NAME = AppIcon;
				ASSETCATALOG_COMPILER_GLOBAL_ACCENT_COLOR_NAME = AccentColor;
				CLANG_ENABLE_MODULES = YES;
				CODE_SIGN_STYLE = Automatic;
				CURRENT_PROJECT_VERSION = 75;
				DEVELOPMENT_ASSET_PATHS = "\"FlowTale/Preview Content\"";
				DEVELOPMENT_TEAM = NGW7S9DH6U;
				ENABLE_PREVIEWS = YES;
				GENERATE_INFOPLIST_FILE = YES;
				INFOPLIST_KEY_CFBundleDisplayName = FlowTale;
				INFOPLIST_KEY_UIApplicationSceneManifest_Generation = YES;
				INFOPLIST_KEY_UIApplicationSupportsIndirectInputEvents = YES;
				INFOPLIST_KEY_UILaunchScreen_Generation = YES;
				INFOPLIST_KEY_UISupportedInterfaceOrientations = UIInterfaceOrientationPortrait;
				INFOPLIST_KEY_UISupportedInterfaceOrientations_iPad = "UIInterfaceOrientationLandscapeLeft UIInterfaceOrientationLandscapeRight UIInterfaceOrientationPortrait UIInterfaceOrientationPortraitUpsideDown";
				LD_RUNPATH_SEARCH_PATHS = (
					"$(inherited)",
					"@executable_path/Frameworks",
				);
				MARKETING_VERSION = 2.0;
				PRODUCT_BUNDLE_IDENTIFIER = "com.smileydudelimitedapps.PhraseFlow-Chinese";
				PRODUCT_NAME = "$(TARGET_NAME)";
				SWIFT_EMIT_LOC_STRINGS = YES;
				SWIFT_OBJC_BRIDGING_HEADER = "";
				SWIFT_VERSION = 6.0;
				TARGETED_DEVICE_FAMILY = "1,2";
			};
			name = Release;
		};
		BBB6EF4B2C8C862A0079D135 /* Debug */ = {
			isa = XCBuildConfiguration;
			buildSettings = {
				BUNDLE_LOADER = "$(TEST_HOST)";
				CODE_SIGN_STYLE = Automatic;
				CURRENT_PROJECT_VERSION = 1;
				DEVELOPMENT_TEAM = NGW7S9DH6U;
				GENERATE_INFOPLIST_FILE = YES;
				IPHONEOS_DEPLOYMENT_TARGET = 17.4;
				MARKETING_VERSION = 1.0;
				PRODUCT_BUNDLE_IDENTIFIER = "com.smileydudelimitedapps.PhraseFlow-ChineseTests";
				PRODUCT_NAME = "$(TARGET_NAME)";
				SWIFT_EMIT_LOC_STRINGS = NO;
				SWIFT_VERSION = 5.0;
				TARGETED_DEVICE_FAMILY = "1,2";
				TEST_HOST = "$(BUILT_PRODUCTS_DIR)/FlowTale.app/$(BUNDLE_EXECUTABLE_FOLDER_PATH)/FlowTale";
			};
			name = Debug;
		};
		BBB6EF4C2C8C862A0079D135 /* Release */ = {
			isa = XCBuildConfiguration;
			buildSettings = {
				BUNDLE_LOADER = "$(TEST_HOST)";
				CODE_SIGN_STYLE = Automatic;
				CURRENT_PROJECT_VERSION = 1;
				DEVELOPMENT_TEAM = NGW7S9DH6U;
				GENERATE_INFOPLIST_FILE = YES;
				IPHONEOS_DEPLOYMENT_TARGET = 17.4;
				MARKETING_VERSION = 1.0;
				PRODUCT_BUNDLE_IDENTIFIER = "com.smileydudelimitedapps.PhraseFlow-ChineseTests";
				PRODUCT_NAME = "$(TARGET_NAME)";
				SWIFT_EMIT_LOC_STRINGS = NO;
				SWIFT_VERSION = 5.0;
				TARGETED_DEVICE_FAMILY = "1,2";
				TEST_HOST = "$(BUILT_PRODUCTS_DIR)/FlowTale.app/$(BUNDLE_EXECUTABLE_FOLDER_PATH)/FlowTale";
			};
			name = Release;
		};
		BBB6EF4E2C8C862A0079D135 /* Debug */ = {
			isa = XCBuildConfiguration;
			buildSettings = {
				CODE_SIGN_STYLE = Automatic;
				CURRENT_PROJECT_VERSION = 1;
				DEVELOPMENT_TEAM = NGW7S9DH6U;
				GENERATE_INFOPLIST_FILE = YES;
				MARKETING_VERSION = 1.0;
				PRODUCT_BUNDLE_IDENTIFIER = "com.smileydudelimitedapps.PhraseFlow-ChineseUITests";
				PRODUCT_NAME = "$(TARGET_NAME)";
				SWIFT_EMIT_LOC_STRINGS = NO;
				SWIFT_VERSION = 5.0;
				TARGETED_DEVICE_FAMILY = "1,2";
				TEST_TARGET_NAME = "PhraseFlow Chinese";
			};
			name = Debug;
		};
		BBB6EF4F2C8C862A0079D135 /* Release */ = {
			isa = XCBuildConfiguration;
			buildSettings = {
				CODE_SIGN_STYLE = Automatic;
				CURRENT_PROJECT_VERSION = 1;
				DEVELOPMENT_TEAM = NGW7S9DH6U;
				GENERATE_INFOPLIST_FILE = YES;
				MARKETING_VERSION = 1.0;
				PRODUCT_BUNDLE_IDENTIFIER = "com.smileydudelimitedapps.PhraseFlow-ChineseUITests";
				PRODUCT_NAME = "$(TARGET_NAME)";
				SWIFT_EMIT_LOC_STRINGS = NO;
				SWIFT_VERSION = 5.0;
				TARGETED_DEVICE_FAMILY = "1,2";
				TEST_TARGET_NAME = "PhraseFlow Chinese";
			};
			name = Release;
		};
/* End XCBuildConfiguration section */

/* Begin XCConfigurationList section */
		BBB6EF1E2C8C86240079D135 /* Build configuration list for PBXProject "FlowTale" */ = {
			isa = XCConfigurationList;
			buildConfigurations = (
				BBB6EF452C8C862A0079D135 /* Debug */,
				BBB6EF462C8C862A0079D135 /* Release */,
			);
			defaultConfigurationIsVisible = 0;
			defaultConfigurationName = Release;
		};
		BBB6EF472C8C862A0079D135 /* Build configuration list for PBXNativeTarget "FlowTale" */ = {
			isa = XCConfigurationList;
			buildConfigurations = (
				BBB6EF482C8C862A0079D135 /* Debug */,
				BBB6EF492C8C862A0079D135 /* Release */,
			);
			defaultConfigurationIsVisible = 0;
			defaultConfigurationName = Release;
		};
		BBB6EF4A2C8C862A0079D135 /* Build configuration list for PBXNativeTarget "FlowTaleTests" */ = {
			isa = XCConfigurationList;
			buildConfigurations = (
				BBB6EF4B2C8C862A0079D135 /* Debug */,
				BBB6EF4C2C8C862A0079D135 /* Release */,
			);
			defaultConfigurationIsVisible = 0;
			defaultConfigurationName = Release;
		};
		BBB6EF4D2C8C862A0079D135 /* Build configuration list for PBXNativeTarget "FlowTaleUITests" */ = {
			isa = XCConfigurationList;
			buildConfigurations = (
				BBB6EF4E2C8C862A0079D135 /* Debug */,
				BBB6EF4F2C8C862A0079D135 /* Release */,
			);
			defaultConfigurationIsVisible = 0;
			defaultConfigurationName = Release;
		};
/* End XCConfigurationList section */

/* Begin XCRemoteSwiftPackageReference section */
		11EBA75A2E872C32006543D4 /* XCRemoteSwiftPackageReference "firebase-ios-sdk" */ = {
			isa = XCRemoteSwiftPackageReference;
			repositoryURL = "https://github.com/firebase/firebase-ios-sdk";
			requirement = {
				kind = upToNextMajorVersion;
				minimumVersion = 12.3.0;
			};
		};
		11EBA7B32E8861E0006543D4 /* XCRemoteSwiftPackageReference "reduxkit" */ = {
			isa = XCRemoteSwiftPackageReference;
			repositoryURL = "https://github.com/isaacakalanne1/reduxkit.git";
			requirement = {
				kind = upToNextMajorVersion;
				minimumVersion = 1.0.0;
			};
		};
/* End XCRemoteSwiftPackageReference section */

/* Begin XCSwiftPackageProductDependency section */
		11EBA75B2E872C32006543D4 /* FirebaseCore */ = {
			isa = XCSwiftPackageProductDependency;
			package = 11EBA75A2E872C32006543D4 /* XCRemoteSwiftPackageReference "firebase-ios-sdk" */;
			productName = FirebaseCore;
		};
		11EBA75D2E872C32006543D4 /* FirebaseRemoteConfig */ = {
			isa = XCSwiftPackageProductDependency;
			package = 11EBA75A2E872C32006543D4 /* XCRemoteSwiftPackageReference "firebase-ios-sdk" */;
			productName = FirebaseRemoteConfig;
		};
		11EBA7622E873D77006543D4 /* FirebaseFirestore */ = {
			isa = XCSwiftPackageProductDependency;
			package = 11EBA75A2E872C32006543D4 /* XCRemoteSwiftPackageReference "firebase-ios-sdk" */;
			productName = FirebaseFirestore;
		};
		BB34C51D2E29525B00238EA8 /* FTColor */ = {
			isa = XCSwiftPackageProductDependency;
			productName = FTColor;
		};
		BB34C51F2E29526700238EA8 /* Localization */ = {
			isa = XCSwiftPackageProductDependency;
			productName = Localization;
		};
		BB34C5212E29526C00238EA8 /* Navigation */ = {
			isa = XCSwiftPackageProductDependency;
			productName = Navigation;
		};
		BB34C5252E29BF4700238EA8 /* APIRequest */ = {
			isa = XCSwiftPackageProductDependency;
			productName = APIRequest;
		};
		BB34C5272E29BF4700238EA8 /* AppleIcon */ = {
			isa = XCSwiftPackageProductDependency;
			productName = AppleIcon;
		};
		BB34C5292E29BF4700238EA8 /* Audio */ = {
			isa = XCSwiftPackageProductDependency;
			productName = Audio;
		};
		BB34C52B2E29BF4700238EA8 /* DataStorage */ = {
			isa = XCSwiftPackageProductDependency;
			productName = DataStorage;
		};
		BB34C52F2E29BF4700238EA8 /* FTFont */ = {
			isa = XCSwiftPackageProductDependency;
			productName = FTFont;
		};
		BB34C5312E29BF4700238EA8 /* ImageGeneration */ = {
			isa = XCSwiftPackageProductDependency;
			productName = ImageGeneration;
		};
		BB34C5332E29BF4700238EA8 /* Loading */ = {
			isa = XCSwiftPackageProductDependency;
			productName = Loading;
		};
		BB34C5352E29BF4700238EA8 /* Moderation */ = {
			isa = XCSwiftPackageProductDependency;
			productName = Moderation;
		};
		BB34C5372E2A4FB200238EA8 /* Settings */ = {
			isa = XCSwiftPackageProductDependency;
			productName = Settings;
		};
		BB34C5392E2A4FB200238EA8 /* SnackBar */ = {
			isa = XCSwiftPackageProductDependency;
			productName = SnackBar;
		};
		BB34C53B2E2A4FB200238EA8 /* Speech */ = {
			isa = XCSwiftPackageProductDependency;
			productName = Speech;
		};
		BB34C53D2E2A4FB200238EA8 /* Story */ = {
			isa = XCSwiftPackageProductDependency;
			productName = Story;
		};
		BB34C53F2E2A4FB200238EA8 /* Study */ = {
			isa = XCSwiftPackageProductDependency;
			productName = Study;
		};
		BB34C5412E2A4FB200238EA8 /* Subscription */ = {
			isa = XCSwiftPackageProductDependency;
			productName = Subscription;
		};
		BB34C5432E2A4FB200238EA8 /* TextGeneration */ = {
			isa = XCSwiftPackageProductDependency;
			productName = TextGeneration;
		};
		BB34C5452E2A4FB200238EA8 /* Translation */ = {
			isa = XCSwiftPackageProductDependency;
			productName = Translation;
		};
		BB34C5472E2A4FB200238EA8 /* UserLimit */ = {
			isa = XCSwiftPackageProductDependency;
			productName = UserLimit;
		};
/* End XCSwiftPackageProductDependency section */
	};
	rootObject = BBB6EF1B2C8C86240079D135 /* Project object */;
}
