// !$*UTF8*$!
{
	archiveVersion = 1;
	classes = {
	};
	objectVersion = 56;
	objects = {

/* Begin PBXBuildFile section */
		151EDDEDDB51D6B48377E772 /* libPods-FlowTale.a in Frameworks */ = {isa = PBXBuildFile; fileRef = A6E47BC9388E891E2E0D0FE5 /* libPods-FlowTale.a */; };
		BB0854832CB42C0200F1661B /* Chapter.swift in Sources */ = {isa = PBXBuildFile; fileRef = BB0854822CB42C0200F1661B /* Chapter.swift */; };
		BB0854852CB42C1400F1661B /* Story.swift in Sources */ = {isa = PBXBuildFile; fileRef = BB0854842CB42C1400F1661B /* Story.swift */; };
		BB0B8FD82C8DFABD001DD6F0 /* SpeechSpeed.swift in Sources */ = {isa = PBXBuildFile; fileRef = BB0B8FD72C8DFABD001DD6F0 /* SpeechSpeed.swift */; };
		BB1994C82CE8E0BE00D61E54 /* Data+AVPlayer.swift in Sources */ = {isa = PBXBuildFile; fileRef = BB1994C72CE8E0BE00D61E54 /* Data+AVPlayer.swift */; };
		BB1994CD2CE904D900D61E54 /* StoryState.swift in Sources */ = {isa = PBXBuildFile; fileRef = BB1994CC2CE904D900D61E54 /* StoryState.swift */; };
		BB1994CF2CE904F000D61E54 /* DefinitionState.swift in Sources */ = {isa = PBXBuildFile; fileRef = BB1994CE2CE904F000D61E54 /* DefinitionState.swift */; };
		BB1994D12CE9050000D61E54 /* AudioState.swift in Sources */ = {isa = PBXBuildFile; fileRef = BB1994D02CE9050000D61E54 /* AudioState.swift */; };
		BB1994D32CE9051700D61E54 /* ViewState.swift in Sources */ = {isa = PBXBuildFile; fileRef = BB1994D22CE9051700D61E54 /* ViewState.swift */; };
		BB4015C02CF756FD008ACE9C /* StoryPrompts.swift in Sources */ = {isa = PBXBuildFile; fileRef = BB4015BF2CF756FD008ACE9C /* StoryPrompts.swift */; };
		BB4E6BF62D22E0DB002B5CBA /* FlowTaleColor.swift in Sources */ = {isa = PBXBuildFile; fileRef = BB4E6BF52D22E0DB002B5CBA /* FlowTaleColor.swift */; };
		BB4E6BF82D246AEF002B5CBA /* LoadingState.swift in Sources */ = {isa = PBXBuildFile; fileRef = BB4E6BF72D246AEF002B5CBA /* LoadingState.swift */; };
		BB4E6BFA2D246EC0002B5CBA /* LoadingView.swift in Sources */ = {isa = PBXBuildFile; fileRef = BB4E6BF92D246EC0002B5CBA /* LoadingView.swift */; };
		BB4EDB002C90C7E600699E7D /* ReduxKit in Frameworks */ = {isa = PBXBuildFile; productRef = BB4EDAFF2C90C7E600699E7D /* ReduxKit */; };
		BB4EDB032C90C86300699E7D /* FlowTaleStore.swift in Sources */ = {isa = PBXBuildFile; fileRef = BB4EDB022C90C86300699E7D /* FlowTaleStore.swift */; };
		BB4EDB052C90C89C00699E7D /* FlowTaleState.swift in Sources */ = {isa = PBXBuildFile; fileRef = BB4EDB042C90C89C00699E7D /* FlowTaleState.swift */; };
		BB4EDB072C90C8CA00699E7D /* FlowTaleAction.swift in Sources */ = {isa = PBXBuildFile; fileRef = BB4EDB062C90C8CA00699E7D /* FlowTaleAction.swift */; };
		BB4EDB0A2C90C8F100699E7D /* FlowTaleEnvironment.swift in Sources */ = {isa = PBXBuildFile; fileRef = BB4EDB092C90C8F100699E7D /* FlowTaleEnvironment.swift */; };
		BB4EDB0C2C90C9A100699E7D /* FlowTaleReducer.swift in Sources */ = {isa = PBXBuildFile; fileRef = BB4EDB0B2C90C9A100699E7D /* FlowTaleReducer.swift */; };
		BB4EDB0E2C90CA0300699E7D /* FlowTaleMiddleware.swift in Sources */ = {isa = PBXBuildFile; fileRef = BB4EDB0D2C90CA0300699E7D /* FlowTaleMiddleware.swift */; };
		BB4EDB102C90CA4900699E7D /* FlowTaleSubscriber.swift in Sources */ = {isa = PBXBuildFile; fileRef = BB4EDB0F2C90CA4900699E7D /* FlowTaleSubscriber.swift */; };
		BB4EDB152C90CF7400699E7D /* FlowTaleDataStore.swift in Sources */ = {isa = PBXBuildFile; fileRef = BB4EDB142C90CF7400699E7D /* FlowTaleDataStore.swift */; };
		BB4EDB172C90D20300699E7D /* FlowTaleServices.swift in Sources */ = {isa = PBXBuildFile; fileRef = BB4EDB162C90D20300699E7D /* FlowTaleServices.swift */; };
		BB4EDB1D2C90DFDD00699E7D /* FlowTaleRepository.swift in Sources */ = {isa = PBXBuildFile; fileRef = BB4EDB1C2C90DFDD00699E7D /* FlowTaleRepository.swift */; };
		BB4EDB242C91902100699E7D /* SettingsView.swift in Sources */ = {isa = PBXBuildFile; fileRef = BB4EDB232C91902100699E7D /* SettingsView.swift */; };
		BB4EDB292C919A3C00699E7D /* NewPhrasesResponse.swift in Sources */ = {isa = PBXBuildFile; fileRef = BB4EDB282C919A3C00699E7D /* NewPhrasesResponse.swift */; };
		BB4EDB2B2C91B35D00699E7D /* Definition.swift in Sources */ = {isa = PBXBuildFile; fileRef = BB4EDB2A2C91B35D00699E7D /* Definition.swift */; };
		BB6572CE2CD12A9200AC5981 /* ChapterResponse.swift in Sources */ = {isa = PBXBuildFile; fileRef = BB6572CD2CD12A9200AC5981 /* ChapterResponse.swift */; };
		BB6572D22CD165F200AC5981 /* Collection+Safe.swift in Sources */ = {isa = PBXBuildFile; fileRef = BB6572D12CD165F200AC5981 /* Collection+Safe.swift */; };
		BB6572D42CD3932300AC5981 /* View+GreyBackground.swift in Sources */ = {isa = PBXBuildFile; fileRef = BB6572D32CD3932300AC5981 /* View+GreyBackground.swift */; };
		BB6572D62CD4E09000AC5981 /* ActionButton.swift in Sources */ = {isa = PBXBuildFile; fileRef = BB6572D52CD4E08F00AC5981 /* ActionButton.swift */; };
		BB6572E52CD8D12400AC5981 /* Voice.swift in Sources */ = {isa = PBXBuildFile; fileRef = BB6572E42CD8D12400AC5981 /* Voice.swift */; };
		BB6572E72CD8D1E300AC5981 /* Gender.swift in Sources */ = {isa = PBXBuildFile; fileRef = BB6572E62CD8D1E300AC5981 /* Gender.swift */; };
		BB6572F72CDB991B00AC5981 /* SettingsState.swift in Sources */ = {isa = PBXBuildFile; fileRef = BB6572F62CDB991A00AC5981 /* SettingsState.swift */; };
		BB6572F92CDBB14C00AC5981 /* SpeechStyle.swift in Sources */ = {isa = PBXBuildFile; fileRef = BB6572F82CDBB14C00AC5981 /* SpeechStyle.swift */; };
		BB7B6D942D1ACEBF0030344A /* libPods-FlowTale.a in Frameworks */ = {isa = PBXBuildFile; fileRef = BB7B6D932D1ACEBC0030344A /* libPods-FlowTale.a */; };
		BB7B6D962D1DF0990030344A /* StudyView.swift in Sources */ = {isa = PBXBuildFile; fileRef = BB7B6D952D1DF0990030344A /* StudyView.swift */; };
		BB7B6D982D1E0D070030344A /* StoryInfoView.swift in Sources */ = {isa = PBXBuildFile; fileRef = BB7B6D972D1E0D070030344A /* StoryInfoView.swift */; };
		BB7B6D9A2D1EEA3D0030344A /* StudyState.swift in Sources */ = {isa = PBXBuildFile; fileRef = BB7B6D992D1EEA3D0030344A /* StudyState.swift */; };
		BB7B6D9C2D1F30BC0030344A /* SnackBar.swift in Sources */ = {isa = PBXBuildFile; fileRef = BB7B6D9B2D1F30BC0030344A /* SnackBar.swift */; };
		BB7B6D9E2D1F31190030344A /* SnackBarState.swift in Sources */ = {isa = PBXBuildFile; fileRef = BB7B6D9D2D1F31190030344A /* SnackBarState.swift */; };
		BB7B6DA02D1F316E0030344A /* SnackBarType.swift in Sources */ = {isa = PBXBuildFile; fileRef = BB7B6D9F2D1F316E0030344A /* SnackBarType.swift */; };
		BB7B6DA22D1F3B680030344A /* DifficultyView.swift in Sources */ = {isa = PBXBuildFile; fileRef = BB7B6DA12D1F3B680030344A /* DifficultyView.swift */; };
		BB84E0A02CEFA96200520F5E /* Language.swift in Sources */ = {isa = PBXBuildFile; fileRef = BB84E09F2CEFA96200520F5E /* Language.swift */; };
		BB84E0A22CF0AF4200520F5E /* CreateStorySettingsView.swift in Sources */ = {isa = PBXBuildFile; fileRef = BB84E0A12CF0AF4100520F5E /* CreateStorySettingsView.swift */; };
		BB84E0A62CF3EC8600520F5E /* Localizable.strings in Resources */ = {isa = PBXBuildFile; fileRef = BB84E0A42CF3EC8600520F5E /* Localizable.strings */; };
		BB84E0AB2CF494D900520F5E /* swiftgen.yml in Resources */ = {isa = PBXBuildFile; fileRef = BB84E0AA2CF494D900520F5E /* swiftgen.yml */; };
		BB84E0AD2CF4952700520F5E /* strings-enum.stencil in Sources */ = {isa = PBXBuildFile; fileRef = BB84E0AC2CF4952700520F5E /* strings-enum.stencil */; };
		BB84E0AF2CF495CD00520F5E /* Strings.swift in Sources */ = {isa = PBXBuildFile; fileRef = BB84E0AE2CF495CD00520F5E /* Strings.swift */; };
		BBA94CCD2D19AAE000EB4A7E /* FlowTaleStateTests.swift in Sources */ = {isa = PBXBuildFile; fileRef = BBA94CCC2D19AAE000EB4A7E /* FlowTaleStateTests.swift */; };
		BBAE07CD2D0C765B00DA95CD /* APIRequestType.swift in Sources */ = {isa = PBXBuildFile; fileRef = BBAE07CC2D0C765B00DA95CD /* APIRequestType.swift */; };
		BBAE07CF2D0C768000DA95CD /* AnyKey.swift in Sources */ = {isa = PBXBuildFile; fileRef = BBAE07CE2D0C768000DA95CD /* AnyKey.swift */; };
		BBAE07D12D0C793000DA95CD /* SubscriptionView.swift in Sources */ = {isa = PBXBuildFile; fileRef = BBAE07D02D0C793000DA95CD /* SubscriptionView.swift */; };
		BBAE07D32D0C796500DA95CD /* SubscriptionState.swift in Sources */ = {isa = PBXBuildFile; fileRef = BBAE07D22D0C796500DA95CD /* SubscriptionState.swift */; };
		BBAE07D52D0CA79A00DA95CD /* SubscriptionOption.swift in Sources */ = {isa = PBXBuildFile; fileRef = BBAE07D42D0CA79A00DA95CD /* SubscriptionOption.swift */; };
		BBAE07D72D14BD2400DA95CD /* ChapterHeaderView.swift in Sources */ = {isa = PBXBuildFile; fileRef = BBAE07D62D14BD2400DA95CD /* ChapterHeaderView.swift */; };
		BBAE07D92D14BD6D00DA95CD /* AIStatementView.swift in Sources */ = {isa = PBXBuildFile; fileRef = BBAE07D82D14BD6D00DA95CD /* AIStatementView.swift */; };
		BBAE07DB2D14BE0B00DA95CD /* SystemImageView.swift in Sources */ = {isa = PBXBuildFile; fileRef = BBAE07DA2D14BE0B00DA95CD /* SystemImageView.swift */; };
		BBAE07DD2D14BE3000DA95CD /* SystemImage.swift in Sources */ = {isa = PBXBuildFile; fileRef = BBAE07DC2D14BE3000DA95CD /* SystemImage.swift */; };
		BBB6EF272C8C86240079D135 /* FlowTaleApp.swift in Sources */ = {isa = PBXBuildFile; fileRef = BBB6EF262C8C86240079D135 /* FlowTaleApp.swift */; };
		BBB6EF292C8C86240079D135 /* ContentView.swift in Sources */ = {isa = PBXBuildFile; fileRef = BBB6EF282C8C86240079D135 /* ContentView.swift */; };
		BBB6EF2B2C8C86290079D135 /* Assets.xcassets in Resources */ = {isa = PBXBuildFile; fileRef = BBB6EF2A2C8C86290079D135 /* Assets.xcassets */; };
		BBB6EF2E2C8C86290079D135 /* Preview Assets.xcassets in Resources */ = {isa = PBXBuildFile; fileRef = BBB6EF2D2C8C86290079D135 /* Preview Assets.xcassets */; };
		BBB6EF382C8C862A0079D135 /* FlowTaleTests.swift in Sources */ = {isa = PBXBuildFile; fileRef = BBB6EF372C8C862A0079D135 /* FlowTaleTests.swift */; };
		BBB6EF422C8C862A0079D135 /* FlowTaleUITests.swift in Sources */ = {isa = PBXBuildFile; fileRef = BBB6EF412C8C862A0079D135 /* FlowTaleUITests.swift */; };
		BBB6EF442C8C862A0079D135 /* FlowTaleUITestsLaunchTests.swift in Sources */ = {isa = PBXBuildFile; fileRef = BBB6EF432C8C862A0079D135 /* FlowTaleUITestsLaunchTests.swift */; };
		BBB6EF522C8C86B10079D135 /* Sentence.swift in Sources */ = {isa = PBXBuildFile; fileRef = BBB6EF512C8C86B10079D135 /* Sentence.swift */; };
		BBE16F202CC152C400A7EF1F /* Difficulty.swift in Sources */ = {isa = PBXBuildFile; fileRef = BBE16F1F2CC152C400A7EF1F /* Difficulty.swift */; };
		BBE16F222CC2769C00A7EF1F /* StoryListView.swift in Sources */ = {isa = PBXBuildFile; fileRef = BBE16F212CC2769C00A7EF1F /* StoryListView.swift */; };
		BBE16F242CC2AFC800A7EF1F /* ChapterListView.swift in Sources */ = {isa = PBXBuildFile; fileRef = BBE16F232CC2AFC800A7EF1F /* ChapterListView.swift */; };
		BBE16F282CC420FD00A7EF1F /* ReaderDisplayType.swift in Sources */ = {isa = PBXBuildFile; fileRef = BBE16F272CC420FD00A7EF1F /* ReaderDisplayType.swift */; };
		BBE636BF2CC98B2B00873E68 /* WordTimeStampData.swift in Sources */ = {isa = PBXBuildFile; fileRef = BBE636BE2CC98B2B00873E68 /* WordTimeStampData.swift */; };
		BBE636C12CCC0B5000873E68 /* ActionButtonsView.swift in Sources */ = {isa = PBXBuildFile; fileRef = BBE636C02CCC0B5000873E68 /* ActionButtonsView.swift */; };
		BBE636C32CCC0BE900873E68 /* CharacterView.swift in Sources */ = {isa = PBXBuildFile; fileRef = BBE636C22CCC0BE900873E68 /* CharacterView.swift */; };
		BBE636C52CCC0CDD00873E68 /* DefinitionView.swift in Sources */ = {isa = PBXBuildFile; fileRef = BBE636C42CCC0CDD00873E68 /* DefinitionView.swift */; };
		BBE636C72CCC0E1200873E68 /* EnglishSentenceView.swift in Sources */ = {isa = PBXBuildFile; fileRef = BBE636C62CCC0E1200873E68 /* EnglishSentenceView.swift */; };
		BBE636C92CCC0E8400873E68 /* ChapterView.swift in Sources */ = {isa = PBXBuildFile; fileRef = BBE636C82CCC0E8400873E68 /* ChapterView.swift */; };
		BBE636CB2CCC0EEF00873E68 /* ErrorView.swift in Sources */ = {isa = PBXBuildFile; fileRef = BBE636CA2CCC0EEF00873E68 /* ErrorView.swift */; };
		BBE636CD2CCC0F8500873E68 /* ReaderView.swift in Sources */ = {isa = PBXBuildFile; fileRef = BBE636CC2CCC0F8500873E68 /* ReaderView.swift */; };
		BBE636D12CCD77BC00873E68 /* FlowLayout.swift in Sources */ = {isa = PBXBuildFile; fileRef = BBE636D02CCD77BB00873E68 /* FlowLayout.swift */; };
		BBFDBBE92D203AD80056C448 /* DefinitionsChartView.swift in Sources */ = {isa = PBXBuildFile; fileRef = BBFDBBE82D203AD80056C448 /* DefinitionsChartView.swift */; };
		BBFDBBEB2D203F080056C448 /* DefinitionsProgressSheetView.swift in Sources */ = {isa = PBXBuildFile; fileRef = BBFDBBEA2D203F080056C448 /* DefinitionsProgressSheetView.swift */; };
/* End PBXBuildFile section */

/* Begin PBXContainerItemProxy section */
		BBB6EF342C8C862A0079D135 /* PBXContainerItemProxy */ = {
			isa = PBXContainerItemProxy;
			containerPortal = BBB6EF1B2C8C86240079D135 /* Project object */;
			proxyType = 1;
			remoteGlobalIDString = BBB6EF222C8C86240079D135;
			remoteInfo = "PhraseFlow Chinese";
		};
		BBB6EF3E2C8C862A0079D135 /* PBXContainerItemProxy */ = {
			isa = PBXContainerItemProxy;
			containerPortal = BBB6EF1B2C8C86240079D135 /* Project object */;
			proxyType = 1;
			remoteGlobalIDString = BBB6EF222C8C86240079D135;
			remoteInfo = "PhraseFlow Chinese";
		};
/* End PBXContainerItemProxy section */

/* Begin PBXFileReference section */
		03C5BB9FC82BE5D51BD916B3 /* Pods-PhraseFlow Chinese.debug.xcconfig */ = {isa = PBXFileReference; includeInIndex = 1; lastKnownFileType = text.xcconfig; name = "Pods-PhraseFlow Chinese.debug.xcconfig"; path = "Target Support Files/Pods-PhraseFlow Chinese/Pods-PhraseFlow Chinese.debug.xcconfig"; sourceTree = "<group>"; };
		12D35770448B2EA1CE5FAB27 /* Pods-FlowTale.debug.xcconfig */ = {isa = PBXFileReference; includeInIndex = 1; lastKnownFileType = text.xcconfig; name = "Pods-FlowTale.debug.xcconfig"; path = "Target Support Files/Pods-FlowTale/Pods-FlowTale.debug.xcconfig"; sourceTree = "<group>"; };
		278A489BDBA476D2CC0AF9AC /* libPods-PhraseFlow Chinese.a */ = {isa = PBXFileReference; explicitFileType = archive.ar; includeInIndex = 0; path = "libPods-PhraseFlow Chinese.a"; sourceTree = BUILT_PRODUCTS_DIR; };
		5EDA23FCE91C5CB989C86534 /* Pods-PhraseFlow Chinese.release.xcconfig */ = {isa = PBXFileReference; includeInIndex = 1; lastKnownFileType = text.xcconfig; name = "Pods-PhraseFlow Chinese.release.xcconfig"; path = "Target Support Files/Pods-PhraseFlow Chinese/Pods-PhraseFlow Chinese.release.xcconfig"; sourceTree = "<group>"; };
		8DBC39CBD1D5A30498912D09 /* Pods-FlowTale.release.xcconfig */ = {isa = PBXFileReference; includeInIndex = 1; lastKnownFileType = text.xcconfig; name = "Pods-FlowTale.release.xcconfig"; path = "Target Support Files/Pods-FlowTale/Pods-FlowTale.release.xcconfig"; sourceTree = "<group>"; };
		A6E47BC9388E891E2E0D0FE5 /* libPods-FlowTale.a */ = {isa = PBXFileReference; explicitFileType = archive.ar; includeInIndex = 0; path = "libPods-FlowTale.a"; sourceTree = BUILT_PRODUCTS_DIR; };
		BB0854822CB42C0200F1661B /* Chapter.swift */ = {isa = PBXFileReference; lastKnownFileType = sourcecode.swift; path = Chapter.swift; sourceTree = "<group>"; };
		BB0854842CB42C1400F1661B /* Story.swift */ = {isa = PBXFileReference; lastKnownFileType = sourcecode.swift; path = Story.swift; sourceTree = "<group>"; };
		BB0B8FD72C8DFABD001DD6F0 /* SpeechSpeed.swift */ = {isa = PBXFileReference; lastKnownFileType = sourcecode.swift; path = SpeechSpeed.swift; sourceTree = "<group>"; };
		BB1994C72CE8E0BE00D61E54 /* Data+AVPlayer.swift */ = {isa = PBXFileReference; lastKnownFileType = sourcecode.swift; path = "Data+AVPlayer.swift"; sourceTree = "<group>"; };
		BB1994CC2CE904D900D61E54 /* StoryState.swift */ = {isa = PBXFileReference; lastKnownFileType = sourcecode.swift; path = StoryState.swift; sourceTree = "<group>"; };
		BB1994CE2CE904F000D61E54 /* DefinitionState.swift */ = {isa = PBXFileReference; lastKnownFileType = sourcecode.swift; path = DefinitionState.swift; sourceTree = "<group>"; };
		BB1994D02CE9050000D61E54 /* AudioState.swift */ = {isa = PBXFileReference; lastKnownFileType = sourcecode.swift; path = AudioState.swift; sourceTree = "<group>"; };
		BB1994D22CE9051700D61E54 /* ViewState.swift */ = {isa = PBXFileReference; lastKnownFileType = sourcecode.swift; path = ViewState.swift; sourceTree = "<group>"; };
		BB4015BF2CF756FD008ACE9C /* StoryPrompts.swift */ = {isa = PBXFileReference; lastKnownFileType = sourcecode.swift; path = StoryPrompts.swift; sourceTree = "<group>"; };
		BB4E6BF52D22E0DB002B5CBA /* FlowTaleColor.swift */ = {isa = PBXFileReference; lastKnownFileType = sourcecode.swift; path = FlowTaleColor.swift; sourceTree = "<group>"; };
		BB4E6BF72D246AEF002B5CBA /* LoadingState.swift */ = {isa = PBXFileReference; lastKnownFileType = sourcecode.swift; path = LoadingState.swift; sourceTree = "<group>"; };
		BB4E6BF92D246EC0002B5CBA /* LoadingView.swift */ = {isa = PBXFileReference; lastKnownFileType = sourcecode.swift; path = LoadingView.swift; sourceTree = "<group>"; };
		BB4EDB022C90C86300699E7D /* FlowTaleStore.swift */ = {isa = PBXFileReference; lastKnownFileType = sourcecode.swift; path = FlowTaleStore.swift; sourceTree = "<group>"; };
		BB4EDB042C90C89C00699E7D /* FlowTaleState.swift */ = {isa = PBXFileReference; lastKnownFileType = sourcecode.swift; path = FlowTaleState.swift; sourceTree = "<group>"; };
		BB4EDB062C90C8CA00699E7D /* FlowTaleAction.swift */ = {isa = PBXFileReference; lastKnownFileType = sourcecode.swift; path = FlowTaleAction.swift; sourceTree = "<group>"; };
		BB4EDB092C90C8F100699E7D /* FlowTaleEnvironment.swift */ = {isa = PBXFileReference; lastKnownFileType = sourcecode.swift; path = FlowTaleEnvironment.swift; sourceTree = "<group>"; };
		BB4EDB0B2C90C9A100699E7D /* FlowTaleReducer.swift */ = {isa = PBXFileReference; lastKnownFileType = sourcecode.swift; path = FlowTaleReducer.swift; sourceTree = "<group>"; };
		BB4EDB0D2C90CA0300699E7D /* FlowTaleMiddleware.swift */ = {isa = PBXFileReference; lastKnownFileType = sourcecode.swift; path = FlowTaleMiddleware.swift; sourceTree = "<group>"; };
		BB4EDB0F2C90CA4900699E7D /* FlowTaleSubscriber.swift */ = {isa = PBXFileReference; lastKnownFileType = sourcecode.swift; path = FlowTaleSubscriber.swift; sourceTree = "<group>"; };
		BB4EDB142C90CF7400699E7D /* FlowTaleDataStore.swift */ = {isa = PBXFileReference; lastKnownFileType = sourcecode.swift; path = FlowTaleDataStore.swift; sourceTree = "<group>"; };
		BB4EDB162C90D20300699E7D /* FlowTaleServices.swift */ = {isa = PBXFileReference; lastKnownFileType = sourcecode.swift; path = FlowTaleServices.swift; sourceTree = "<group>"; };
		BB4EDB1C2C90DFDD00699E7D /* FlowTaleRepository.swift */ = {isa = PBXFileReference; lastKnownFileType = sourcecode.swift; path = FlowTaleRepository.swift; sourceTree = "<group>"; };
		BB4EDB232C91902100699E7D /* SettingsView.swift */ = {isa = PBXFileReference; lastKnownFileType = sourcecode.swift; path = SettingsView.swift; sourceTree = "<group>"; };
		BB4EDB282C919A3C00699E7D /* NewPhrasesResponse.swift */ = {isa = PBXFileReference; lastKnownFileType = sourcecode.swift; path = NewPhrasesResponse.swift; sourceTree = "<group>"; };
		BB4EDB2A2C91B35D00699E7D /* Definition.swift */ = {isa = PBXFileReference; lastKnownFileType = sourcecode.swift; path = Definition.swift; sourceTree = "<group>"; };
		BB6572CD2CD12A9200AC5981 /* ChapterResponse.swift */ = {isa = PBXFileReference; lastKnownFileType = sourcecode.swift; path = ChapterResponse.swift; sourceTree = "<group>"; };
		BB6572D12CD165F200AC5981 /* Collection+Safe.swift */ = {isa = PBXFileReference; lastKnownFileType = sourcecode.swift; path = "Collection+Safe.swift"; sourceTree = "<group>"; };
		BB6572D32CD3932300AC5981 /* View+GreyBackground.swift */ = {isa = PBXFileReference; lastKnownFileType = sourcecode.swift; path = "View+GreyBackground.swift"; sourceTree = "<group>"; };
		BB6572D52CD4E08F00AC5981 /* ActionButton.swift */ = {isa = PBXFileReference; lastKnownFileType = sourcecode.swift; path = ActionButton.swift; sourceTree = "<group>"; };
		BB6572E42CD8D12400AC5981 /* Voice.swift */ = {isa = PBXFileReference; lastKnownFileType = sourcecode.swift; path = Voice.swift; sourceTree = "<group>"; };
		BB6572E62CD8D1E300AC5981 /* Gender.swift */ = {isa = PBXFileReference; lastKnownFileType = sourcecode.swift; path = Gender.swift; sourceTree = "<group>"; };
		BB6572F62CDB991A00AC5981 /* SettingsState.swift */ = {isa = PBXFileReference; lastKnownFileType = sourcecode.swift; path = SettingsState.swift; sourceTree = "<group>"; };
		BB6572F82CDBB14C00AC5981 /* SpeechStyle.swift */ = {isa = PBXFileReference; lastKnownFileType = sourcecode.swift; path = SpeechStyle.swift; sourceTree = "<group>"; };
		BB7B6D932D1ACEBC0030344A /* libPods-FlowTale.a */ = {isa = PBXFileReference; lastKnownFileType = archive.ar; name = "libPods-FlowTale.a"; path = "../../../../Library/Developer/Xcode/DerivedData/FlowTale-dzblbgdyrqlsjdggurnqsbvwzaoq/Build/Products/Debug-iphoneos/libPods-FlowTale.a"; sourceTree = "<group>"; };
		BB7B6D952D1DF0990030344A /* StudyView.swift */ = {isa = PBXFileReference; lastKnownFileType = sourcecode.swift; path = StudyView.swift; sourceTree = "<group>"; };
		BB7B6D972D1E0D070030344A /* StoryInfoView.swift */ = {isa = PBXFileReference; lastKnownFileType = sourcecode.swift; path = StoryInfoView.swift; sourceTree = "<group>"; };
		BB7B6D992D1EEA3D0030344A /* StudyState.swift */ = {isa = PBXFileReference; lastKnownFileType = sourcecode.swift; path = StudyState.swift; sourceTree = "<group>"; };
		BB7B6D9B2D1F30BC0030344A /* SnackBar.swift */ = {isa = PBXFileReference; lastKnownFileType = sourcecode.swift; path = SnackBar.swift; sourceTree = "<group>"; };
		BB7B6D9D2D1F31190030344A /* SnackBarState.swift */ = {isa = PBXFileReference; lastKnownFileType = sourcecode.swift; path = SnackBarState.swift; sourceTree = "<group>"; };
		BB7B6D9F2D1F316E0030344A /* SnackBarType.swift */ = {isa = PBXFileReference; lastKnownFileType = sourcecode.swift; path = SnackBarType.swift; sourceTree = "<group>"; };
		BB7B6DA12D1F3B680030344A /* DifficultyView.swift */ = {isa = PBXFileReference; lastKnownFileType = sourcecode.swift; path = DifficultyView.swift; sourceTree = "<group>"; };
		BB84E09F2CEFA96200520F5E /* Language.swift */ = {isa = PBXFileReference; lastKnownFileType = sourcecode.swift; path = Language.swift; sourceTree = "<group>"; };
		BB84E0A12CF0AF4100520F5E /* CreateStorySettingsView.swift */ = {isa = PBXFileReference; lastKnownFileType = sourcecode.swift; path = CreateStorySettingsView.swift; sourceTree = "<group>"; };
		BB84E0A52CF3EC8600520F5E /* en */ = {isa = PBXFileReference; lastKnownFileType = text.plist.strings; name = en; path = en.lproj/Localizable.strings; sourceTree = "<group>"; };
		BB84E0AA2CF494D900520F5E /* swiftgen.yml */ = {isa = PBXFileReference; lastKnownFileType = text.yaml; path = swiftgen.yml; sourceTree = "<group>"; };
		BB84E0AC2CF4952700520F5E /* strings-enum.stencil */ = {isa = PBXFileReference; lastKnownFileType = text; path = "strings-enum.stencil"; sourceTree = "<group>"; };
		BB84E0AE2CF495CD00520F5E /* Strings.swift */ = {isa = PBXFileReference; fileEncoding = 4; lastKnownFileType = sourcecode.swift; path = Strings.swift; sourceTree = "<group>"; };
		BB84E0B02CF4A15A00520F5E /* fr */ = {isa = PBXFileReference; lastKnownFileType = text.plist.strings; name = fr; path = fr.lproj/Localizable.strings; sourceTree = "<group>"; };
		BB84E0B12CF4A38100520F5E /* zh-Hans */ = {isa = PBXFileReference; lastKnownFileType = text.plist.strings; name = "zh-Hans"; path = "zh-Hans.lproj/Localizable.strings"; sourceTree = "<group>"; };
		BB84E0B22CF4A54700520F5E /* es */ = {isa = PBXFileReference; lastKnownFileType = text.plist.strings; name = es; path = es.lproj/Localizable.strings; sourceTree = "<group>"; };
		BB84E0B32CF4E60300520F5E /* ar */ = {isa = PBXFileReference; lastKnownFileType = text.plist.strings; name = ar; path = ar.lproj/Localizable.strings; sourceTree = "<group>"; };
		BB84E0B42CF4E6D800520F5E /* hi */ = {isa = PBXFileReference; lastKnownFileType = text.plist.strings; name = hi; path = hi.lproj/Localizable.strings; sourceTree = "<group>"; };
		BBA94CC72D19A7F900EB4A7E /* ru */ = {isa = PBXFileReference; lastKnownFileType = text.plist.strings; name = ru; path = ru.lproj/Localizable.strings; sourceTree = "<group>"; };
		BBA94CC82D19A87800EB4A7E /* ko */ = {isa = PBXFileReference; lastKnownFileType = text.plist.strings; name = ko; path = ko.lproj/Localizable.strings; sourceTree = "<group>"; };
		BBA94CC92D19A8EF00EB4A7E /* ja */ = {isa = PBXFileReference; lastKnownFileType = text.plist.strings; name = ja; path = ja.lproj/Localizable.strings; sourceTree = "<group>"; };
		BBA94CCA2D19A96A00EB4A7E /* pt-BR */ = {isa = PBXFileReference; lastKnownFileType = text.plist.strings; name = "pt-BR"; path = "pt-BR.lproj/Localizable.strings"; sourceTree = "<group>"; };
		BBA94CCB2D19A9A900EB4A7E /* pt-PT */ = {isa = PBXFileReference; lastKnownFileType = text.plist.strings; name = "pt-PT"; path = "pt-PT.lproj/Localizable.strings"; sourceTree = "<group>"; };
		BBA94CCC2D19AAE000EB4A7E /* FlowTaleStateTests.swift */ = {isa = PBXFileReference; lastKnownFileType = sourcecode.swift; path = FlowTaleStateTests.swift; sourceTree = "<group>"; };
		BBA94CCE2D19D57E00EB4A7E /* de */ = {isa = PBXFileReference; lastKnownFileType = text.plist.strings; name = de; path = de.lproj/Localizable.strings; sourceTree = "<group>"; };
		BBAE07CC2D0C765B00DA95CD /* APIRequestType.swift */ = {isa = PBXFileReference; lastKnownFileType = sourcecode.swift; path = APIRequestType.swift; sourceTree = "<group>"; };
		BBAE07CE2D0C768000DA95CD /* AnyKey.swift */ = {isa = PBXFileReference; lastKnownFileType = sourcecode.swift; path = AnyKey.swift; sourceTree = "<group>"; };
		BBAE07D02D0C793000DA95CD /* SubscriptionView.swift */ = {isa = PBXFileReference; lastKnownFileType = sourcecode.swift; path = SubscriptionView.swift; sourceTree = "<group>"; };
		BBAE07D22D0C796500DA95CD /* SubscriptionState.swift */ = {isa = PBXFileReference; lastKnownFileType = sourcecode.swift; path = SubscriptionState.swift; sourceTree = "<group>"; };
		BBAE07D42D0CA79A00DA95CD /* SubscriptionOption.swift */ = {isa = PBXFileReference; lastKnownFileType = sourcecode.swift; path = SubscriptionOption.swift; sourceTree = "<group>"; };
		BBAE07D62D14BD2400DA95CD /* ChapterHeaderView.swift */ = {isa = PBXFileReference; lastKnownFileType = sourcecode.swift; path = ChapterHeaderView.swift; sourceTree = "<group>"; };
		BBAE07D82D14BD6D00DA95CD /* AIStatementView.swift */ = {isa = PBXFileReference; lastKnownFileType = sourcecode.swift; path = AIStatementView.swift; sourceTree = "<group>"; };
		BBAE07DA2D14BE0B00DA95CD /* SystemImageView.swift */ = {isa = PBXFileReference; lastKnownFileType = sourcecode.swift; path = SystemImageView.swift; sourceTree = "<group>"; };
		BBAE07DC2D14BE3000DA95CD /* SystemImage.swift */ = {isa = PBXFileReference; lastKnownFileType = sourcecode.swift; path = SystemImage.swift; sourceTree = "<group>"; };
		BBB6EF232C8C86240079D135 /* FlowTale.app */ = {isa = PBXFileReference; explicitFileType = wrapper.application; includeInIndex = 0; path = FlowTale.app; sourceTree = BUILT_PRODUCTS_DIR; };
		BBB6EF262C8C86240079D135 /* FlowTaleApp.swift */ = {isa = PBXFileReference; lastKnownFileType = sourcecode.swift; path = FlowTaleApp.swift; sourceTree = "<group>"; };
		BBB6EF282C8C86240079D135 /* ContentView.swift */ = {isa = PBXFileReference; lastKnownFileType = sourcecode.swift; path = ContentView.swift; sourceTree = "<group>"; };
		BBB6EF2A2C8C86290079D135 /* Assets.xcassets */ = {isa = PBXFileReference; lastKnownFileType = folder.assetcatalog; path = Assets.xcassets; sourceTree = "<group>"; };
		BBB6EF2D2C8C86290079D135 /* Preview Assets.xcassets */ = {isa = PBXFileReference; lastKnownFileType = folder.assetcatalog; path = "Preview Assets.xcassets"; sourceTree = "<group>"; };
		BBB6EF332C8C862A0079D135 /* FlowTaleTests.xctest */ = {isa = PBXFileReference; explicitFileType = wrapper.cfbundle; includeInIndex = 0; path = FlowTaleTests.xctest; sourceTree = BUILT_PRODUCTS_DIR; };
		BBB6EF372C8C862A0079D135 /* FlowTaleTests.swift */ = {isa = PBXFileReference; lastKnownFileType = sourcecode.swift; path = FlowTaleTests.swift; sourceTree = "<group>"; };
		BBB6EF3D2C8C862A0079D135 /* FlowTaleUITests.xctest */ = {isa = PBXFileReference; explicitFileType = wrapper.cfbundle; includeInIndex = 0; path = FlowTaleUITests.xctest; sourceTree = BUILT_PRODUCTS_DIR; };
		BBB6EF412C8C862A0079D135 /* FlowTaleUITests.swift */ = {isa = PBXFileReference; lastKnownFileType = sourcecode.swift; path = FlowTaleUITests.swift; sourceTree = "<group>"; };
		BBB6EF432C8C862A0079D135 /* FlowTaleUITestsLaunchTests.swift */ = {isa = PBXFileReference; lastKnownFileType = sourcecode.swift; path = FlowTaleUITestsLaunchTests.swift; sourceTree = "<group>"; };
		BBB6EF512C8C86B10079D135 /* Sentence.swift */ = {isa = PBXFileReference; lastKnownFileType = sourcecode.swift; path = Sentence.swift; sourceTree = "<group>"; };
		BBE16F1F2CC152C400A7EF1F /* Difficulty.swift */ = {isa = PBXFileReference; lastKnownFileType = sourcecode.swift; path = Difficulty.swift; sourceTree = "<group>"; };
		BBE16F212CC2769C00A7EF1F /* StoryListView.swift */ = {isa = PBXFileReference; lastKnownFileType = sourcecode.swift; path = StoryListView.swift; sourceTree = "<group>"; };
		BBE16F232CC2AFC800A7EF1F /* ChapterListView.swift */ = {isa = PBXFileReference; lastKnownFileType = sourcecode.swift; path = ChapterListView.swift; sourceTree = "<group>"; };
		BBE16F272CC420FD00A7EF1F /* ReaderDisplayType.swift */ = {isa = PBXFileReference; lastKnownFileType = sourcecode.swift; path = ReaderDisplayType.swift; sourceTree = "<group>"; };
		BBE636BE2CC98B2B00873E68 /* WordTimeStampData.swift */ = {isa = PBXFileReference; lastKnownFileType = sourcecode.swift; path = WordTimeStampData.swift; sourceTree = "<group>"; };
		BBE636C02CCC0B5000873E68 /* ActionButtonsView.swift */ = {isa = PBXFileReference; lastKnownFileType = sourcecode.swift; path = ActionButtonsView.swift; sourceTree = "<group>"; };
		BBE636C22CCC0BE900873E68 /* CharacterView.swift */ = {isa = PBXFileReference; lastKnownFileType = sourcecode.swift; path = CharacterView.swift; sourceTree = "<group>"; };
		BBE636C42CCC0CDD00873E68 /* DefinitionView.swift */ = {isa = PBXFileReference; lastKnownFileType = sourcecode.swift; path = DefinitionView.swift; sourceTree = "<group>"; };
		BBE636C62CCC0E1200873E68 /* EnglishSentenceView.swift */ = {isa = PBXFileReference; lastKnownFileType = sourcecode.swift; path = EnglishSentenceView.swift; sourceTree = "<group>"; };
		BBE636C82CCC0E8400873E68 /* ChapterView.swift */ = {isa = PBXFileReference; lastKnownFileType = sourcecode.swift; path = ChapterView.swift; sourceTree = "<group>"; };
		BBE636CA2CCC0EEF00873E68 /* ErrorView.swift */ = {isa = PBXFileReference; lastKnownFileType = sourcecode.swift; path = ErrorView.swift; sourceTree = "<group>"; };
		BBE636CC2CCC0F8500873E68 /* ReaderView.swift */ = {isa = PBXFileReference; lastKnownFileType = sourcecode.swift; path = ReaderView.swift; sourceTree = "<group>"; };
		BBE636D02CCD77BB00873E68 /* FlowLayout.swift */ = {isa = PBXFileReference; lastKnownFileType = sourcecode.swift; path = FlowLayout.swift; sourceTree = "<group>"; };
		BBFDBBE82D203AD80056C448 /* DefinitionsChartView.swift */ = {isa = PBXFileReference; lastKnownFileType = sourcecode.swift; path = DefinitionsChartView.swift; sourceTree = "<group>"; };
		BBFDBBEA2D203F080056C448 /* DefinitionsProgressSheetView.swift */ = {isa = PBXFileReference; lastKnownFileType = sourcecode.swift; path = DefinitionsProgressSheetView.swift; sourceTree = "<group>"; };
/* End PBXFileReference section */

/* Begin PBXFrameworksBuildPhase section */
		BBB6EF202C8C86240079D135 /* Frameworks */ = {
			isa = PBXFrameworksBuildPhase;
			buildActionMask = 2147483647;
			files = (
				BB7B6D942D1ACEBF0030344A /* libPods-FlowTale.a in Frameworks */,
				BB4EDB002C90C7E600699E7D /* ReduxKit in Frameworks */,
				151EDDEDDB51D6B48377E772 /* libPods-FlowTale.a in Frameworks */,
			);
			runOnlyForDeploymentPostprocessing = 0;
		};
		BBB6EF302C8C862A0079D135 /* Frameworks */ = {
			isa = PBXFrameworksBuildPhase;
			buildActionMask = 2147483647;
			files = (
			);
			runOnlyForDeploymentPostprocessing = 0;
		};
		BBB6EF3A2C8C862A0079D135 /* Frameworks */ = {
			isa = PBXFrameworksBuildPhase;
			buildActionMask = 2147483647;
			files = (
			);
			runOnlyForDeploymentPostprocessing = 0;
		};
/* End PBXFrameworksBuildPhase section */

/* Begin PBXGroup section */
		8F09325601693DB4E5512903 /* Frameworks */ = {
			isa = PBXGroup;
			children = (
				BB7B6D932D1ACEBC0030344A /* libPods-FlowTale.a */,
				278A489BDBA476D2CC0AF9AC /* libPods-PhraseFlow Chinese.a */,
				A6E47BC9388E891E2E0D0FE5 /* libPods-FlowTale.a */,
			);
			name = Frameworks;
			sourceTree = "<group>";
		};
		BB0854862CB42C7100F1661B /* Story */ = {
			isa = PBXGroup;
			children = (
				BB0854822CB42C0200F1661B /* Chapter.swift */,
				BBB6EF512C8C86B10079D135 /* Sentence.swift */,
				BB6572CD2CD12A9200AC5981 /* ChapterResponse.swift */,
				BB0854842CB42C1400F1661B /* Story.swift */,
				BBE16F1F2CC152C400A7EF1F /* Difficulty.swift */,
			);
			path = Story;
			sourceTree = "<group>";
		};
		BB1994C62CE8DC2100D61E54 /* Speech */ = {
			isa = PBXGroup;
			children = (
				BB6572E62CD8D1E300AC5981 /* Gender.swift */,
				BB0B8FD72C8DFABD001DD6F0 /* SpeechSpeed.swift */,
				BB6572F82CDBB14C00AC5981 /* SpeechStyle.swift */,
				BB6572E42CD8D12400AC5981 /* Voice.swift */,
			);
			path = Speech;
			sourceTree = "<group>";
		};
		BB1994CB2CE904C600D61E54 /* State */ = {
			isa = PBXGroup;
			children = (
				BB1994D02CE9050000D61E54 /* AudioState.swift */,
				BB1994CE2CE904F000D61E54 /* DefinitionState.swift */,
				BB4EDB042C90C89C00699E7D /* FlowTaleState.swift */,
				BBAE07D22D0C796500DA95CD /* SubscriptionState.swift */,
				BB6572F62CDB991A00AC5981 /* SettingsState.swift */,
				BB1994CC2CE904D900D61E54 /* StoryState.swift */,
				BB7B6D9D2D1F31190030344A /* SnackBarState.swift */,
				BB7B6D992D1EEA3D0030344A /* StudyState.swift */,
				BB1994D22CE9051700D61E54 /* ViewState.swift */,
			);
			path = State;
			sourceTree = "<group>";
		};
		BB4EDB012C90C85000699E7D /* Redux */ = {
			isa = PBXGroup;
			children = (
				BB4EDB062C90C8CA00699E7D /* FlowTaleAction.swift */,
				BB4EDB0B2C90C9A100699E7D /* FlowTaleReducer.swift */,
				BB4EDB0D2C90CA0300699E7D /* FlowTaleMiddleware.swift */,
				BB1994CB2CE904C600D61E54 /* State */,
				BB4EDB022C90C86300699E7D /* FlowTaleStore.swift */,
				BB4EDB0F2C90CA4900699E7D /* FlowTaleSubscriber.swift */,
			);
			path = Redux;
			sourceTree = "<group>";
		};
		BB4EDB082C90C8E100699E7D /* Service */ = {
			isa = PBXGroup;
			children = (
				BB4EDB092C90C8F100699E7D /* FlowTaleEnvironment.swift */,
				BB4EDB162C90D20300699E7D /* FlowTaleServices.swift */,
				BB4EDB142C90CF7400699E7D /* FlowTaleDataStore.swift */,
				BB4EDB1C2C90DFDD00699E7D /* FlowTaleRepository.swift */,
			);
			path = Service;
			sourceTree = "<group>";
		};
		BB4EDB112C90CBAE00699E7D /* Extensions */ = {
			isa = PBXGroup;
			children = (
				BB6572D12CD165F200AC5981 /* Collection+Safe.swift */,
				BB6572D32CD3932300AC5981 /* View+GreyBackground.swift */,
				BB1994C72CE8E0BE00D61E54 /* Data+AVPlayer.swift */,
			);
			path = Extensions;
			sourceTree = "<group>";
		};
		BB4EDB272C919A3300699E7D /* Response */ = {
			isa = PBXGroup;
			children = (
				BB4EDB282C919A3C00699E7D /* NewPhrasesResponse.swift */,
			);
			path = Response;
			sourceTree = "<group>";
		};
		BB6572D72CD529CD00AC5981 /* Create Story */ = {
			isa = PBXGroup;
			children = (
				BB4015BF2CF756FD008ACE9C /* StoryPrompts.swift */,
			);
			path = "Create Story";
			sourceTree = "<group>";
		};
		BB84E0A32CF3EC4200520F5E /* Localization */ = {
			isa = PBXGroup;
			children = (
				BB84E0AE2CF495CD00520F5E /* Strings.swift */,
				BB84E0AA2CF494D900520F5E /* swiftgen.yml */,
				BB84E0A42CF3EC8600520F5E /* Localizable.strings */,
				BB84E0AC2CF4952700520F5E /* strings-enum.stencil */,
			);
			path = Localization;
			sourceTree = "<group>";
		};
		BBB6EF1A2C8C86240079D135 = {
			isa = PBXGroup;
			children = (
				BBB6EF252C8C86240079D135 /* FlowTale */,
				BBB6EF362C8C862A0079D135 /* FlowTaleTests */,
				BBB6EF402C8C862A0079D135 /* FlowTaleUITests */,
				BBB6EF242C8C86240079D135 /* Products */,
				D2708F9BEB6EBF9B4147F685 /* Pods */,
				8F09325601693DB4E5512903 /* Frameworks */,
			);
			sourceTree = "<group>";
		};
		BBB6EF242C8C86240079D135 /* Products */ = {
			isa = PBXGroup;
			children = (
				BBB6EF232C8C86240079D135 /* FlowTale.app */,
				BBB6EF332C8C862A0079D135 /* FlowTaleTests.xctest */,
				BBB6EF3D2C8C862A0079D135 /* FlowTaleUITests.xctest */,
			);
			name = Products;
			sourceTree = "<group>";
		};
		BBB6EF252C8C86240079D135 /* FlowTale */ = {
			isa = PBXGroup;
			children = (
				BBB6EF262C8C86240079D135 /* FlowTaleApp.swift */,
				BB84E0A32CF3EC4200520F5E /* Localization */,
				BB4EDB112C90CBAE00699E7D /* Extensions */,
				BB4EDB012C90C85000699E7D /* Redux */,
				BB4EDB082C90C8E100699E7D /* Service */,
				BBB6EF562C8C87540079D135 /* View */,
				BBB6EF502C8C86A50079D135 /* Model */,
				BBB6EF2A2C8C86290079D135 /* Assets.xcassets */,
				BBB6EF2C2C8C86290079D135 /* Preview Content */,
			);
			path = FlowTale;
			sourceTree = "<group>";
		};
		BBB6EF2C2C8C86290079D135 /* Preview Content */ = {
			isa = PBXGroup;
			children = (
				BBB6EF2D2C8C86290079D135 /* Preview Assets.xcassets */,
			);
			path = "Preview Content";
			sourceTree = "<group>";
		};
		BBB6EF362C8C862A0079D135 /* FlowTaleTests */ = {
			isa = PBXGroup;
			children = (
				BBB6EF372C8C862A0079D135 /* FlowTaleTests.swift */,
				BBA94CCC2D19AAE000EB4A7E /* FlowTaleStateTests.swift */,
			);
			path = FlowTaleTests;
			sourceTree = "<group>";
		};
		BBB6EF402C8C862A0079D135 /* FlowTaleUITests */ = {
			isa = PBXGroup;
			children = (
				BBB6EF412C8C862A0079D135 /* FlowTaleUITests.swift */,
				BBB6EF432C8C862A0079D135 /* FlowTaleUITestsLaunchTests.swift */,
			);
			path = FlowTaleUITests;
			sourceTree = "<group>";
		};
		BBB6EF502C8C86A50079D135 /* Model */ = {
			isa = PBXGroup;
			children = (
				BB6572D72CD529CD00AC5981 /* Create Story */,
				BB4EDB272C919A3300699E7D /* Response */,
				BB1994C62CE8DC2100D61E54 /* Speech */,
				BB0854862CB42C7100F1661B /* Story */,
				BB4EDB2A2C91B35D00699E7D /* Definition.swift */,
				BB4E6BF72D246AEF002B5CBA /* LoadingState.swift */,
				BB4E6BF52D22E0DB002B5CBA /* FlowTaleColor.swift */,
				BBAE07CC2D0C765B00DA95CD /* APIRequestType.swift */,
				BBAE07CE2D0C768000DA95CD /* AnyKey.swift */,
				BB7B6D9F2D1F316E0030344A /* SnackBarType.swift */,
				BB84E09F2CEFA96200520F5E /* Language.swift */,
				BBE16F272CC420FD00A7EF1F /* ReaderDisplayType.swift */,
				BBE636BE2CC98B2B00873E68 /* WordTimeStampData.swift */,
				BBAE07DC2D14BE3000DA95CD /* SystemImage.swift */,
			);
			path = Model;
			sourceTree = "<group>";
		};
		BBB6EF562C8C87540079D135 /* View */ = {
			isa = PBXGroup;
			children = (
				BBB6EF282C8C86240079D135 /* ContentView.swift */,
				BBE636CA2CCC0EEF00873E68 /* ErrorView.swift */,
				BBE636C42CCC0CDD00873E68 /* DefinitionView.swift */,
				BBE636C62CCC0E1200873E68 /* EnglishSentenceView.swift */,
				BBE636C82CCC0E8400873E68 /* ChapterView.swift */,
				BBAE07D62D14BD2400DA95CD /* ChapterHeaderView.swift */,
				BB6572D52CD4E08F00AC5981 /* ActionButton.swift */,
				BBE636CC2CCC0F8500873E68 /* ReaderView.swift */,
				BBAE07D82D14BD6D00DA95CD /* AIStatementView.swift */,
				BBE636C02CCC0B5000873E68 /* ActionButtonsView.swift */,
				BBE636C22CCC0BE900873E68 /* CharacterView.swift */,
				BB7B6D972D1E0D070030344A /* StoryInfoView.swift */,
				BB7B6DA12D1F3B680030344A /* DifficultyView.swift */,
				BBE636D02CCD77BB00873E68 /* FlowLayout.swift */,
				BBAE07DA2D14BE0B00DA95CD /* SystemImageView.swift */,
				BB4EDB232C91902100699E7D /* SettingsView.swift */,
				BBE16F212CC2769C00A7EF1F /* StoryListView.swift */,
				BB7B6D9B2D1F30BC0030344A /* SnackBar.swift */,
				BB7B6D952D1DF0990030344A /* StudyView.swift */,
				BB4E6BF92D246EC0002B5CBA /* LoadingView.swift */,
				BBFDBBE82D203AD80056C448 /* DefinitionsChartView.swift */,
				BBFDBBEA2D203F080056C448 /* DefinitionsProgressSheetView.swift */,
				BB84E0A12CF0AF4100520F5E /* CreateStorySettingsView.swift */,
				BBE16F232CC2AFC800A7EF1F /* ChapterListView.swift */,
				BBAE07D02D0C793000DA95CD /* SubscriptionView.swift */,
				BBAE07D42D0CA79A00DA95CD /* SubscriptionOption.swift */,
			);
			path = View;
			sourceTree = "<group>";
		};
		D2708F9BEB6EBF9B4147F685 /* Pods */ = {
			isa = PBXGroup;
			children = (
				03C5BB9FC82BE5D51BD916B3 /* Pods-PhraseFlow Chinese.debug.xcconfig */,
				5EDA23FCE91C5CB989C86534 /* Pods-PhraseFlow Chinese.release.xcconfig */,
				12D35770448B2EA1CE5FAB27 /* Pods-FlowTale.debug.xcconfig */,
				8DBC39CBD1D5A30498912D09 /* Pods-FlowTale.release.xcconfig */,
			);
			path = Pods;
			sourceTree = "<group>";
		};
/* End PBXGroup section */

/* Begin PBXNativeTarget section */
		BBB6EF222C8C86240079D135 /* FlowTale */ = {
			isa = PBXNativeTarget;
			buildConfigurationList = BBB6EF472C8C862A0079D135 /* Build configuration list for PBXNativeTarget "FlowTale" */;
			buildPhases = (
				0A1D975A1B4245905866B684 /* [CP] Check Pods Manifest.lock */,
				BBB6EF1F2C8C86240079D135 /* Sources */,
				BBB6EF202C8C86240079D135 /* Frameworks */,
				BBB6EF212C8C86240079D135 /* Resources */,
				994704F95C0B281E7CCEA589 /* [CP] Embed Pods Frameworks */,
			);
			buildRules = (
			);
			dependencies = (
			);
			name = FlowTale;
			packageProductDependencies = (
				BB4EDAFF2C90C7E600699E7D /* ReduxKit */,
			);
			productName = "PhraseFlow Chinese";
			productReference = BBB6EF232C8C86240079D135 /* FlowTale.app */;
			productType = "com.apple.product-type.application";
		};
		BBB6EF322C8C862A0079D135 /* FlowTaleTests */ = {
			isa = PBXNativeTarget;
			buildConfigurationList = BBB6EF4A2C8C862A0079D135 /* Build configuration list for PBXNativeTarget "FlowTaleTests" */;
			buildPhases = (
				BBB6EF2F2C8C862A0079D135 /* Sources */,
				BBB6EF302C8C862A0079D135 /* Frameworks */,
				BBB6EF312C8C862A0079D135 /* Resources */,
			);
			buildRules = (
			);
			dependencies = (
				BBB6EF352C8C862A0079D135 /* PBXTargetDependency */,
			);
			name = FlowTaleTests;
			productName = "PhraseFlow ChineseTests";
			productReference = BBB6EF332C8C862A0079D135 /* FlowTaleTests.xctest */;
			productType = "com.apple.product-type.bundle.unit-test";
		};
		BBB6EF3C2C8C862A0079D135 /* FlowTaleUITests */ = {
			isa = PBXNativeTarget;
			buildConfigurationList = BBB6EF4D2C8C862A0079D135 /* Build configuration list for PBXNativeTarget "FlowTaleUITests" */;
			buildPhases = (
				BBB6EF392C8C862A0079D135 /* Sources */,
				BBB6EF3A2C8C862A0079D135 /* Frameworks */,
				BBB6EF3B2C8C862A0079D135 /* Resources */,
			);
			buildRules = (
			);
			dependencies = (
				BBB6EF3F2C8C862A0079D135 /* PBXTargetDependency */,
			);
			name = FlowTaleUITests;
			productName = "PhraseFlow ChineseUITests";
			productReference = BBB6EF3D2C8C862A0079D135 /* FlowTaleUITests.xctest */;
			productType = "com.apple.product-type.bundle.ui-testing";
		};
/* End PBXNativeTarget section */

/* Begin PBXProject section */
		BBB6EF1B2C8C86240079D135 /* Project object */ = {
			isa = PBXProject;
			attributes = {
				BuildIndependentTargetsInParallel = 1;
				LastSwiftUpdateCheck = 1530;
				LastUpgradeCheck = 1530;
				TargetAttributes = {
					BBB6EF222C8C86240079D135 = {
						CreatedOnToolsVersion = 15.3;
						LastSwiftMigration = 1530;
					};
					BBB6EF322C8C862A0079D135 = {
						CreatedOnToolsVersion = 15.3;
						TestTargetID = BBB6EF222C8C86240079D135;
					};
					BBB6EF3C2C8C862A0079D135 = {
						CreatedOnToolsVersion = 15.3;
						TestTargetID = BBB6EF222C8C86240079D135;
					};
				};
			};
			buildConfigurationList = BBB6EF1E2C8C86240079D135 /* Build configuration list for PBXProject "FlowTale" */;
			compatibilityVersion = "Xcode 14.0";
			developmentRegion = en;
			hasScannedForEncodings = 0;
			knownRegions = (
				en,
				Base,
				fr,
				"zh-Hans",
				es,
				ar,
				hi,
				ru,
				ko,
				ja,
				"pt-BR",
				"pt-PT",
				de,
			);
			mainGroup = BBB6EF1A2C8C86240079D135;
			packageReferences = (
				BB4EDAFE2C90C7E600699E7D /* XCRemoteSwiftPackageReference "reduxkit" */,
			);
			productRefGroup = BBB6EF242C8C86240079D135 /* Products */;
			projectDirPath = "";
			projectRoot = "";
			targets = (
				BBB6EF222C8C86240079D135 /* FlowTale */,
				BBB6EF322C8C862A0079D135 /* FlowTaleTests */,
				BBB6EF3C2C8C862A0079D135 /* FlowTaleUITests */,
			);
		};
/* End PBXProject section */

/* Begin PBXResourcesBuildPhase section */
		BBB6EF212C8C86240079D135 /* Resources */ = {
			isa = PBXResourcesBuildPhase;
			buildActionMask = 2147483647;
			files = (
				BBB6EF2E2C8C86290079D135 /* Preview Assets.xcassets in Resources */,
				BB84E0A62CF3EC8600520F5E /* Localizable.strings in Resources */,
				BBB6EF2B2C8C86290079D135 /* Assets.xcassets in Resources */,
				BB84E0AB2CF494D900520F5E /* swiftgen.yml in Resources */,
			);
			runOnlyForDeploymentPostprocessing = 0;
		};
		BBB6EF312C8C862A0079D135 /* Resources */ = {
			isa = PBXResourcesBuildPhase;
			buildActionMask = 2147483647;
			files = (
			);
			runOnlyForDeploymentPostprocessing = 0;
		};
		BBB6EF3B2C8C862A0079D135 /* Resources */ = {
			isa = PBXResourcesBuildPhase;
			buildActionMask = 2147483647;
			files = (
			);
			runOnlyForDeploymentPostprocessing = 0;
		};
/* End PBXResourcesBuildPhase section */

/* Begin PBXShellScriptBuildPhase section */
		0A1D975A1B4245905866B684 /* [CP] Check Pods Manifest.lock */ = {
			isa = PBXShellScriptBuildPhase;
			buildActionMask = 2147483647;
			files = (
			);
			inputFileListPaths = (
			);
			inputPaths = (
				"${PODS_PODFILE_DIR_PATH}/Podfile.lock",
				"${PODS_ROOT}/Manifest.lock",
			);
			name = "[CP] Check Pods Manifest.lock";
			outputFileListPaths = (
			);
			outputPaths = (
				"$(DERIVED_FILE_DIR)/Pods-FlowTale-checkManifestLockResult.txt",
			);
			runOnlyForDeploymentPostprocessing = 0;
			shellPath = /bin/sh;
			shellScript = "diff \"${PODS_PODFILE_DIR_PATH}/Podfile.lock\" \"${PODS_ROOT}/Manifest.lock\" > /dev/null\nif [ $? != 0 ] ; then\n    # print error to STDERR\n    echo \"error: The sandbox is not in sync with the Podfile.lock. Run 'pod install' or update your CocoaPods installation.\" >&2\n    exit 1\nfi\n# This output is used by Xcode 'outputs' to avoid re-running this script phase.\necho \"SUCCESS\" > \"${SCRIPT_OUTPUT_FILE_0}\"\n";
			showEnvVarsInLog = 0;
		};
		994704F95C0B281E7CCEA589 /* [CP] Embed Pods Frameworks */ = {
			isa = PBXShellScriptBuildPhase;
			buildActionMask = 2147483647;
			files = (
			);
			inputFileListPaths = (
				"${PODS_ROOT}/Target Support Files/Pods-FlowTale/Pods-FlowTale-frameworks-${CONFIGURATION}-input-files.xcfilelist",
			);
			name = "[CP] Embed Pods Frameworks";
			outputFileListPaths = (
				"${PODS_ROOT}/Target Support Files/Pods-FlowTale/Pods-FlowTale-frameworks-${CONFIGURATION}-output-files.xcfilelist",
			);
			runOnlyForDeploymentPostprocessing = 0;
			shellPath = /bin/sh;
			shellScript = "\"${PODS_ROOT}/Target Support Files/Pods-FlowTale/Pods-FlowTale-frameworks.sh\"\n";
			showEnvVarsInLog = 0;
		};
/* End PBXShellScriptBuildPhase section */

/* Begin PBXSourcesBuildPhase section */
		BBB6EF1F2C8C86240079D135 /* Sources */ = {
			isa = PBXSourcesBuildPhase;
			buildActionMask = 2147483647;
			files = (
				BBE636C52CCC0CDD00873E68 /* DefinitionView.swift in Sources */,
				BBAE07D92D14BD6D00DA95CD /* AIStatementView.swift in Sources */,
				BB6572D42CD3932300AC5981 /* View+GreyBackground.swift in Sources */,
				BB7B6DA22D1F3B680030344A /* DifficultyView.swift in Sources */,
				BBE636D12CCD77BC00873E68 /* FlowLayout.swift in Sources */,
				BBE16F282CC420FD00A7EF1F /* ReaderDisplayType.swift in Sources */,
				BBE16F222CC2769C00A7EF1F /* StoryListView.swift in Sources */,
				BB84E0AD2CF4952700520F5E /* strings-enum.stencil in Sources */,
				BB7B6D9C2D1F30BC0030344A /* SnackBar.swift in Sources */,
				BB6572CE2CD12A9200AC5981 /* ChapterResponse.swift in Sources */,
				BBAE07DD2D14BE3000DA95CD /* SystemImage.swift in Sources */,
				BBE636C12CCC0B5000873E68 /* ActionButtonsView.swift in Sources */,
				BB4EDB292C919A3C00699E7D /* NewPhrasesResponse.swift in Sources */,
				BBAE07DB2D14BE0B00DA95CD /* SystemImageView.swift in Sources */,
				BBE636CB2CCC0EEF00873E68 /* ErrorView.swift in Sources */,
				BB4EDB2B2C91B35D00699E7D /* Definition.swift in Sources */,
				BB0854832CB42C0200F1661B /* Chapter.swift in Sources */,
				BB6572E52CD8D12400AC5981 /* Voice.swift in Sources */,
				BBAE07D12D0C793000DA95CD /* SubscriptionView.swift in Sources */,
				BBAE07D32D0C796500DA95CD /* SubscriptionState.swift in Sources */,
				BBFDBBE92D203AD80056C448 /* DefinitionsChartView.swift in Sources */,
				BB7B6D982D1E0D070030344A /* StoryInfoView.swift in Sources */,
				BB4E6BF82D246AEF002B5CBA /* LoadingState.swift in Sources */,
				BB4EDB072C90C8CA00699E7D /* FlowTaleAction.swift in Sources */,
				BBE636BF2CC98B2B00873E68 /* WordTimeStampData.swift in Sources */,
				BBB6EF522C8C86B10079D135 /* Sentence.swift in Sources */,
				BB4EDB152C90CF7400699E7D /* FlowTaleDataStore.swift in Sources */,
				BB7B6D9A2D1EEA3D0030344A /* StudyState.swift in Sources */,
				BBE636C72CCC0E1200873E68 /* EnglishSentenceView.swift in Sources */,
				BB4EDB1D2C90DFDD00699E7D /* FlowTaleRepository.swift in Sources */,
				BBB6EF292C8C86240079D135 /* ContentView.swift in Sources */,
				BB84E0A02CEFA96200520F5E /* Language.swift in Sources */,
				BB4015C02CF756FD008ACE9C /* StoryPrompts.swift in Sources */,
				BB1994C82CE8E0BE00D61E54 /* Data+AVPlayer.swift in Sources */,
				BB1994D12CE9050000D61E54 /* AudioState.swift in Sources */,
				BB4E6BFA2D246EC0002B5CBA /* LoadingView.swift in Sources */,
				BBAE07D52D0CA79A00DA95CD /* SubscriptionOption.swift in Sources */,
				BB4E6BF62D22E0DB002B5CBA /* FlowTaleColor.swift in Sources */,
				BB6572D22CD165F200AC5981 /* Collection+Safe.swift in Sources */,
				BB1994CD2CE904D900D61E54 /* StoryState.swift in Sources */,
				BB4EDB0E2C90CA0300699E7D /* FlowTaleMiddleware.swift in Sources */,
				BB6572E72CD8D1E300AC5981 /* Gender.swift in Sources */,
				BB7B6D962D1DF0990030344A /* StudyView.swift in Sources */,
				BB7B6DA02D1F316E0030344A /* SnackBarType.swift in Sources */,
				BBAE07CF2D0C768000DA95CD /* AnyKey.swift in Sources */,
				BB4EDB102C90CA4900699E7D /* FlowTaleSubscriber.swift in Sources */,
				BBE636CD2CCC0F8500873E68 /* ReaderView.swift in Sources */,
				BB1994D32CE9051700D61E54 /* ViewState.swift in Sources */,
				BB84E0AF2CF495CD00520F5E /* Strings.swift in Sources */,
				BBFDBBEB2D203F080056C448 /* DefinitionsProgressSheetView.swift in Sources */,
				BB4EDB242C91902100699E7D /* SettingsView.swift in Sources */,
				BB0B8FD82C8DFABD001DD6F0 /* SpeechSpeed.swift in Sources */,
				BBE636C32CCC0BE900873E68 /* CharacterView.swift in Sources */,
				BB84E0A22CF0AF4200520F5E /* CreateStorySettingsView.swift in Sources */,
				BBB6EF272C8C86240079D135 /* FlowTaleApp.swift in Sources */,
				BB1994CF2CE904F000D61E54 /* DefinitionState.swift in Sources */,
				BB4EDB0C2C90C9A100699E7D /* FlowTaleReducer.swift in Sources */,
				BB6572F92CDBB14C00AC5981 /* SpeechStyle.swift in Sources */,
				BB4EDB0A2C90C8F100699E7D /* FlowTaleEnvironment.swift in Sources */,
				BB7B6D9E2D1F31190030344A /* SnackBarState.swift in Sources */,
				BB6572D62CD4E09000AC5981 /* ActionButton.swift in Sources */,
				BBE16F242CC2AFC800A7EF1F /* ChapterListView.swift in Sources */,
				BB4EDB032C90C86300699E7D /* FlowTaleStore.swift in Sources */,
				BBE16F202CC152C400A7EF1F /* Difficulty.swift in Sources */,
				BB4EDB172C90D20300699E7D /* FlowTaleServices.swift in Sources */,
				BB6572F72CDB991B00AC5981 /* SettingsState.swift in Sources */,
				BB4EDB052C90C89C00699E7D /* FlowTaleState.swift in Sources */,
				BBAE07CD2D0C765B00DA95CD /* APIRequestType.swift in Sources */,
				BBAE07D72D14BD2400DA95CD /* ChapterHeaderView.swift in Sources */,
				BB0854852CB42C1400F1661B /* Story.swift in Sources */,
				BBE636C92CCC0E8400873E68 /* ChapterView.swift in Sources */,
			);
			runOnlyForDeploymentPostprocessing = 0;
		};
		BBB6EF2F2C8C862A0079D135 /* Sources */ = {
			isa = PBXSourcesBuildPhase;
			buildActionMask = 2147483647;
			files = (
				BBB6EF382C8C862A0079D135 /* FlowTaleTests.swift in Sources */,
				BBA94CCD2D19AAE000EB4A7E /* FlowTaleStateTests.swift in Sources */,
			);
			runOnlyForDeploymentPostprocessing = 0;
		};
		BBB6EF392C8C862A0079D135 /* Sources */ = {
			isa = PBXSourcesBuildPhase;
			buildActionMask = 2147483647;
			files = (
				BBB6EF422C8C862A0079D135 /* FlowTaleUITests.swift in Sources */,
				BBB6EF442C8C862A0079D135 /* FlowTaleUITestsLaunchTests.swift in Sources */,
			);
			runOnlyForDeploymentPostprocessing = 0;
		};
/* End PBXSourcesBuildPhase section */

/* Begin PBXTargetDependency section */
		BBB6EF352C8C862A0079D135 /* PBXTargetDependency */ = {
			isa = PBXTargetDependency;
			target = BBB6EF222C8C86240079D135 /* FlowTale */;
			targetProxy = BBB6EF342C8C862A0079D135 /* PBXContainerItemProxy */;
		};
		BBB6EF3F2C8C862A0079D135 /* PBXTargetDependency */ = {
			isa = PBXTargetDependency;
			target = BBB6EF222C8C86240079D135 /* FlowTale */;
			targetProxy = BBB6EF3E2C8C862A0079D135 /* PBXContainerItemProxy */;
		};
/* End PBXTargetDependency section */

/* Begin PBXVariantGroup section */
		BB84E0A42CF3EC8600520F5E /* Localizable.strings */ = {
			isa = PBXVariantGroup;
			children = (
				BB84E0A52CF3EC8600520F5E /* en */,
				BB84E0B02CF4A15A00520F5E /* fr */,
				BB84E0B12CF4A38100520F5E /* zh-Hans */,
				BB84E0B22CF4A54700520F5E /* es */,
				BB84E0B32CF4E60300520F5E /* ar */,
				BB84E0B42CF4E6D800520F5E /* hi */,
				BBA94CC72D19A7F900EB4A7E /* ru */,
				BBA94CC82D19A87800EB4A7E /* ko */,
				BBA94CC92D19A8EF00EB4A7E /* ja */,
				BBA94CCA2D19A96A00EB4A7E /* pt-BR */,
				BBA94CCB2D19A9A900EB4A7E /* pt-PT */,
				BBA94CCE2D19D57E00EB4A7E /* de */,
			);
			name = Localizable.strings;
			sourceTree = "<group>";
		};
/* End PBXVariantGroup section */

/* Begin XCBuildConfiguration section */
		BBB6EF452C8C862A0079D135 /* Debug */ = {
			isa = XCBuildConfiguration;
			buildSettings = {
				ALWAYS_SEARCH_USER_PATHS = NO;
				ASSETCATALOG_COMPILER_GENERATE_SWIFT_ASSET_SYMBOL_EXTENSIONS = YES;
				CLANG_ANALYZER_LOCALIZABILITY_NONLOCALIZED = YES;
				CLANG_ANALYZER_NONNULL = YES;
				CLANG_ANALYZER_NUMBER_OBJECT_CONVERSION = YES_AGGRESSIVE;
				CLANG_CXX_LANGUAGE_STANDARD = "gnu++14";
				CLANG_ENABLE_MODULES = YES;
				CLANG_ENABLE_OBJC_ARC = YES;
				CLANG_ENABLE_OBJC_WEAK = YES;
				CLANG_WARN_BLOCK_CAPTURE_AUTORELEASING = YES;
				CLANG_WARN_BOOL_CONVERSION = YES;
				CLANG_WARN_COMMA = YES;
				CLANG_WARN_CONSTANT_CONVERSION = YES;
				CLANG_WARN_DEPRECATED_OBJC_IMPLEMENTATIONS = YES;
				CLANG_WARN_DIRECT_OBJC_ISA_USAGE = YES_ERROR;
				CLANG_WARN_DOCUMENTATION_COMMENTS = YES;
				CLANG_WARN_EMPTY_BODY = YES;
				CLANG_WARN_ENUM_CONVERSION = YES;
				CLANG_WARN_INFINITE_RECURSION = YES;
				CLANG_WARN_INT_CONVERSION = YES;
				CLANG_WARN_NON_LITERAL_NULL_CONVERSION = YES;
				CLANG_WARN_OBJC_IMPLICIT_RETAIN_SELF = YES;
				CLANG_WARN_OBJC_LITERAL_CONVERSION = YES;
				CLANG_WARN_OBJC_ROOT_CLASS = YES_ERROR;
				CLANG_WARN_QUOTED_INCLUDE_IN_FRAMEWORK_HEADER = YES;
				CLANG_WARN_RANGE_LOOP_ANALYSIS = YES;
				CLANG_WARN_STRICT_PROTOTYPES = YES;
				CLANG_WARN_SUSPICIOUS_MOVE = YES;
				CLANG_WARN_UNGUARDED_AVAILABILITY = YES_AGGRESSIVE;
				CLANG_WARN_UNREACHABLE_CODE = YES;
				CLANG_WARN__DUPLICATE_METHOD_MATCH = YES;
				COPY_PHASE_STRIP = NO;
				DEBUG_INFORMATION_FORMAT = dwarf;
				ENABLE_STRICT_OBJC_MSGSEND = YES;
				ENABLE_TESTABILITY = YES;
				ENABLE_USER_SCRIPT_SANDBOXING = NO;
				GCC_C_LANGUAGE_STANDARD = gnu17;
				GCC_DYNAMIC_NO_PIC = NO;
				GCC_NO_COMMON_BLOCKS = YES;
				GCC_OPTIMIZATION_LEVEL = 0;
				GCC_PREPROCESSOR_DEFINITIONS = (
					"DEBUG=1",
					"$(inherited)",
				);
				GCC_WARN_64_TO_32_BIT_CONVERSION = YES;
				GCC_WARN_ABOUT_RETURN_TYPE = YES_ERROR;
				GCC_WARN_UNDECLARED_SELECTOR = YES;
				GCC_WARN_UNINITIALIZED_AUTOS = YES_AGGRESSIVE;
				GCC_WARN_UNUSED_FUNCTION = YES;
				GCC_WARN_UNUSED_VARIABLE = YES;
				IPHONEOS_DEPLOYMENT_TARGET = 17.4;
				LOCALIZATION_PREFERS_STRING_CATALOGS = YES;
				MTL_ENABLE_DEBUG_INFO = INCLUDE_SOURCE;
				MTL_FAST_MATH = YES;
				ONLY_ACTIVE_ARCH = YES;
				SDKROOT = iphoneos;
				SWIFT_ACTIVE_COMPILATION_CONDITIONS = "DEBUG $(inherited)";
				SWIFT_OPTIMIZATION_LEVEL = "-Onone";
			};
			name = Debug;
		};
		BBB6EF462C8C862A0079D135 /* Release */ = {
			isa = XCBuildConfiguration;
			buildSettings = {
				ALWAYS_SEARCH_USER_PATHS = NO;
				ASSETCATALOG_COMPILER_GENERATE_SWIFT_ASSET_SYMBOL_EXTENSIONS = YES;
				CLANG_ANALYZER_LOCALIZABILITY_NONLOCALIZED = YES;
				CLANG_ANALYZER_NONNULL = YES;
				CLANG_ANALYZER_NUMBER_OBJECT_CONVERSION = YES_AGGRESSIVE;
				CLANG_CXX_LANGUAGE_STANDARD = "gnu++14";
				CLANG_ENABLE_MODULES = YES;
				CLANG_ENABLE_OBJC_ARC = YES;
				CLANG_ENABLE_OBJC_WEAK = YES;
				CLANG_WARN_BLOCK_CAPTURE_AUTORELEASING = YES;
				CLANG_WARN_BOOL_CONVERSION = YES;
				CLANG_WARN_COMMA = YES;
				CLANG_WARN_CONSTANT_CONVERSION = YES;
				CLANG_WARN_DEPRECATED_OBJC_IMPLEMENTATIONS = YES;
				CLANG_WARN_DIRECT_OBJC_ISA_USAGE = YES_ERROR;
				CLANG_WARN_DOCUMENTATION_COMMENTS = YES;
				CLANG_WARN_EMPTY_BODY = YES;
				CLANG_WARN_ENUM_CONVERSION = YES;
				CLANG_WARN_INFINITE_RECURSION = YES;
				CLANG_WARN_INT_CONVERSION = YES;
				CLANG_WARN_NON_LITERAL_NULL_CONVERSION = YES;
				CLANG_WARN_OBJC_IMPLICIT_RETAIN_SELF = YES;
				CLANG_WARN_OBJC_LITERAL_CONVERSION = YES;
				CLANG_WARN_OBJC_ROOT_CLASS = YES_ERROR;
				CLANG_WARN_QUOTED_INCLUDE_IN_FRAMEWORK_HEADER = YES;
				CLANG_WARN_RANGE_LOOP_ANALYSIS = YES;
				CLANG_WARN_STRICT_PROTOTYPES = YES;
				CLANG_WARN_SUSPICIOUS_MOVE = YES;
				CLANG_WARN_UNGUARDED_AVAILABILITY = YES_AGGRESSIVE;
				CLANG_WARN_UNREACHABLE_CODE = YES;
				CLANG_WARN__DUPLICATE_METHOD_MATCH = YES;
				COPY_PHASE_STRIP = NO;
				DEBUG_INFORMATION_FORMAT = "dwarf-with-dsym";
				ENABLE_NS_ASSERTIONS = NO;
				ENABLE_STRICT_OBJC_MSGSEND = YES;
				ENABLE_USER_SCRIPT_SANDBOXING = NO;
				GCC_C_LANGUAGE_STANDARD = gnu17;
				GCC_NO_COMMON_BLOCKS = YES;
				GCC_WARN_64_TO_32_BIT_CONVERSION = YES;
				GCC_WARN_ABOUT_RETURN_TYPE = YES_ERROR;
				GCC_WARN_UNDECLARED_SELECTOR = YES;
				GCC_WARN_UNINITIALIZED_AUTOS = YES_AGGRESSIVE;
				GCC_WARN_UNUSED_FUNCTION = YES;
				GCC_WARN_UNUSED_VARIABLE = YES;
				IPHONEOS_DEPLOYMENT_TARGET = 17.4;
				LOCALIZATION_PREFERS_STRING_CATALOGS = YES;
				MTL_ENABLE_DEBUG_INFO = NO;
				MTL_FAST_MATH = YES;
				SDKROOT = iphoneos;
				SWIFT_COMPILATION_MODE = wholemodule;
				VALIDATE_PRODUCT = YES;
			};
			name = Release;
		};
		BBB6EF482C8C862A0079D135 /* Debug */ = {
			isa = XCBuildConfiguration;
			baseConfigurationReference = 12D35770448B2EA1CE5FAB27 /* Pods-FlowTale.debug.xcconfig */;
			buildSettings = {
				ASSETCATALOG_COMPILER_APPICON_NAME = AppIcon;
				ASSETCATALOG_COMPILER_GLOBAL_ACCENT_COLOR_NAME = AccentColor;
				CLANG_ENABLE_MODULES = YES;
				CODE_SIGN_STYLE = Automatic;
				CURRENT_PROJECT_VERSION = 6;
				DEVELOPMENT_ASSET_PATHS = "\"FlowTale/Preview Content\"";
				DEVELOPMENT_TEAM = NGW7S9DH6U;
				ENABLE_PREVIEWS = YES;
				GENERATE_INFOPLIST_FILE = YES;
				INFOPLIST_KEY_CFBundleDisplayName = FlowTale;
				INFOPLIST_KEY_UIApplicationSceneManifest_Generation = YES;
				INFOPLIST_KEY_UIApplicationSupportsIndirectInputEvents = YES;
				INFOPLIST_KEY_UILaunchScreen_Generation = YES;
				INFOPLIST_KEY_UISupportedInterfaceOrientations = UIInterfaceOrientationPortrait;
				INFOPLIST_KEY_UISupportedInterfaceOrientations_iPad = "UIInterfaceOrientationLandscapeLeft UIInterfaceOrientationLandscapeRight UIInterfaceOrientationPortrait UIInterfaceOrientationPortraitUpsideDown";
				INFOPLIST_KEY_UIUserInterfaceStyle = Dark;
				LD_RUNPATH_SEARCH_PATHS = (
					"$(inherited)",
					"@executable_path/Frameworks",
				);
				MARKETING_VERSION = 1.0;
				PRODUCT_BUNDLE_IDENTIFIER = "com.smileydudelimitedapps.PhraseFlow-Chinese";
				PRODUCT_NAME = "$(TARGET_NAME)";
				SWIFT_EMIT_LOC_STRINGS = YES;
				SWIFT_OBJC_BRIDGING_HEADER = "";
				SWIFT_OPTIMIZATION_LEVEL = "-Onone";
				SWIFT_VERSION = 5.0;
				TARGETED_DEVICE_FAMILY = "1,2";
			};
			name = Debug;
		};
		BBB6EF492C8C862A0079D135 /* Release */ = {
			isa = XCBuildConfiguration;
			baseConfigurationReference = 8DBC39CBD1D5A30498912D09 /* Pods-FlowTale.release.xcconfig */;
			buildSettings = {
				ASSETCATALOG_COMPILER_APPICON_NAME = AppIcon;
				ASSETCATALOG_COMPILER_GLOBAL_ACCENT_COLOR_NAME = AccentColor;
				CLANG_ENABLE_MODULES = YES;
				CODE_SIGN_STYLE = Automatic;
				CURRENT_PROJECT_VERSION = 6;
				DEVELOPMENT_ASSET_PATHS = "\"FlowTale/Preview Content\"";
				DEVELOPMENT_TEAM = NGW7S9DH6U;
				ENABLE_PREVIEWS = YES;
				GENERATE_INFOPLIST_FILE = YES;
				INFOPLIST_KEY_CFBundleDisplayName = FlowTale;
				INFOPLIST_KEY_UIApplicationSceneManifest_Generation = YES;
				INFOPLIST_KEY_UIApplicationSupportsIndirectInputEvents = YES;
				INFOPLIST_KEY_UILaunchScreen_Generation = YES;
				INFOPLIST_KEY_UISupportedInterfaceOrientations = UIInterfaceOrientationPortrait;
				INFOPLIST_KEY_UISupportedInterfaceOrientations_iPad = "UIInterfaceOrientationLandscapeLeft UIInterfaceOrientationLandscapeRight UIInterfaceOrientationPortrait UIInterfaceOrientationPortraitUpsideDown";
				INFOPLIST_KEY_UIUserInterfaceStyle = Dark;
				LD_RUNPATH_SEARCH_PATHS = (
					"$(inherited)",
					"@executable_path/Frameworks",
				);
				MARKETING_VERSION = 1.0;
				PRODUCT_BUNDLE_IDENTIFIER = "com.smileydudelimitedapps.PhraseFlow-Chinese";
				PRODUCT_NAME = "$(TARGET_NAME)";
				SWIFT_EMIT_LOC_STRINGS = YES;
				SWIFT_OBJC_BRIDGING_HEADER = "";
				SWIFT_VERSION = 5.0;
				TARGETED_DEVICE_FAMILY = "1,2";
			};
			name = Release;
		};
		BBB6EF4B2C8C862A0079D135 /* Debug */ = {
			isa = XCBuildConfiguration;
			buildSettings = {
				ALWAYS_EMBED_SWIFT_STANDARD_LIBRARIES = YES;
				BUNDLE_LOADER = "$(TEST_HOST)";
				CODE_SIGN_STYLE = Automatic;
				CURRENT_PROJECT_VERSION = 1;
				DEVELOPMENT_TEAM = NGW7S9DH6U;
				GENERATE_INFOPLIST_FILE = YES;
				IPHONEOS_DEPLOYMENT_TARGET = 17.4;
				MARKETING_VERSION = 1.0;
				PRODUCT_BUNDLE_IDENTIFIER = "com.smileydudelimitedapps.PhraseFlow-ChineseTests";
				PRODUCT_NAME = "$(TARGET_NAME)";
				SWIFT_EMIT_LOC_STRINGS = NO;
				SWIFT_VERSION = 5.0;
				TARGETED_DEVICE_FAMILY = "1,2";
				TEST_HOST = "$(BUILT_PRODUCTS_DIR)/FlowTale.app/$(BUNDLE_EXECUTABLE_FOLDER_PATH)/FlowTale";
			};
			name = Debug;
		};
		BBB6EF4C2C8C862A0079D135 /* Release */ = {
			isa = XCBuildConfiguration;
			buildSettings = {
				ALWAYS_EMBED_SWIFT_STANDARD_LIBRARIES = YES;
				BUNDLE_LOADER = "$(TEST_HOST)";
				CODE_SIGN_STYLE = Automatic;
				CURRENT_PROJECT_VERSION = 1;
				DEVELOPMENT_TEAM = NGW7S9DH6U;
				GENERATE_INFOPLIST_FILE = YES;
				IPHONEOS_DEPLOYMENT_TARGET = 17.4;
				MARKETING_VERSION = 1.0;
				PRODUCT_BUNDLE_IDENTIFIER = "com.smileydudelimitedapps.PhraseFlow-ChineseTests";
				PRODUCT_NAME = "$(TARGET_NAME)";
				SWIFT_EMIT_LOC_STRINGS = NO;
				SWIFT_VERSION = 5.0;
				TARGETED_DEVICE_FAMILY = "1,2";
				TEST_HOST = "$(BUILT_PRODUCTS_DIR)/FlowTale.app/$(BUNDLE_EXECUTABLE_FOLDER_PATH)/FlowTale";
			};
			name = Release;
		};
		BBB6EF4E2C8C862A0079D135 /* Debug */ = {
			isa = XCBuildConfiguration;
			buildSettings = {
				ALWAYS_EMBED_SWIFT_STANDARD_LIBRARIES = YES;
				CODE_SIGN_STYLE = Automatic;
				CURRENT_PROJECT_VERSION = 1;
				DEVELOPMENT_TEAM = NGW7S9DH6U;
				GENERATE_INFOPLIST_FILE = YES;
				MARKETING_VERSION = 1.0;
				PRODUCT_BUNDLE_IDENTIFIER = "com.smileydudelimitedapps.PhraseFlow-ChineseUITests";
				PRODUCT_NAME = "$(TARGET_NAME)";
				SWIFT_EMIT_LOC_STRINGS = NO;
				SWIFT_VERSION = 5.0;
				TARGETED_DEVICE_FAMILY = "1,2";
				TEST_TARGET_NAME = "PhraseFlow Chinese";
			};
			name = Debug;
		};
		BBB6EF4F2C8C862A0079D135 /* Release */ = {
			isa = XCBuildConfiguration;
			buildSettings = {
				ALWAYS_EMBED_SWIFT_STANDARD_LIBRARIES = YES;
				CODE_SIGN_STYLE = Automatic;
				CURRENT_PROJECT_VERSION = 1;
				DEVELOPMENT_TEAM = NGW7S9DH6U;
				GENERATE_INFOPLIST_FILE = YES;
				MARKETING_VERSION = 1.0;
				PRODUCT_BUNDLE_IDENTIFIER = "com.smileydudelimitedapps.PhraseFlow-ChineseUITests";
				PRODUCT_NAME = "$(TARGET_NAME)";
				SWIFT_EMIT_LOC_STRINGS = NO;
				SWIFT_VERSION = 5.0;
				TARGETED_DEVICE_FAMILY = "1,2";
				TEST_TARGET_NAME = "PhraseFlow Chinese";
			};
			name = Release;
		};
/* End XCBuildConfiguration section */

/* Begin XCConfigurationList section */
		BBB6EF1E2C8C86240079D135 /* Build configuration list for PBXProject "FlowTale" */ = {
			isa = XCConfigurationList;
			buildConfigurations = (
				BBB6EF452C8C862A0079D135 /* Debug */,
				BBB6EF462C8C862A0079D135 /* Release */,
			);
			defaultConfigurationIsVisible = 0;
			defaultConfigurationName = Release;
		};
		BBB6EF472C8C862A0079D135 /* Build configuration list for PBXNativeTarget "FlowTale" */ = {
			isa = XCConfigurationList;
			buildConfigurations = (
				BBB6EF482C8C862A0079D135 /* Debug */,
				BBB6EF492C8C862A0079D135 /* Release */,
			);
			defaultConfigurationIsVisible = 0;
			defaultConfigurationName = Release;
		};
		BBB6EF4A2C8C862A0079D135 /* Build configuration list for PBXNativeTarget "FlowTaleTests" */ = {
			isa = XCConfigurationList;
			buildConfigurations = (
				BBB6EF4B2C8C862A0079D135 /* Debug */,
				BBB6EF4C2C8C862A0079D135 /* Release */,
			);
			defaultConfigurationIsVisible = 0;
			defaultConfigurationName = Release;
		};
		BBB6EF4D2C8C862A0079D135 /* Build configuration list for PBXNativeTarget "FlowTaleUITests" */ = {
			isa = XCConfigurationList;
			buildConfigurations = (
				BBB6EF4E2C8C862A0079D135 /* Debug */,
				BBB6EF4F2C8C862A0079D135 /* Release */,
			);
			defaultConfigurationIsVisible = 0;
			defaultConfigurationName = Release;
		};
/* End XCConfigurationList section */

/* Begin XCRemoteSwiftPackageReference section */
		BB4EDAFE2C90C7E600699E7D /* XCRemoteSwiftPackageReference "reduxkit" */ = {
			isa = XCRemoteSwiftPackageReference;
			repositoryURL = "git@git-gdd.sdo.jlrmotor.com:OFFBOARD/mobile/libraries/ios/kits/reduxkit.git";
			requirement = {
				kind = upToNextMajorVersion;
				minimumVersion = 3.1.0;
			};
		};
/* End XCRemoteSwiftPackageReference section */

/* Begin XCSwiftPackageProductDependency section */
		BB4EDAFF2C90C7E600699E7D /* ReduxKit */ = {
			isa = XCSwiftPackageProductDependency;
			package = BB4EDAFE2C90C7E600699E7D /* XCRemoteSwiftPackageReference "reduxkit" */;
			productName = ReduxKit;
		};
/* End XCSwiftPackageProductDependency section */
	};
	rootObject = BBB6EF1B2C8C86240079D135 /* Project object */;
}
