PODS:
  - MicrosoftCognitiveServicesSpeech-iOS (1.40.0)

DEPENDENCIES:
  - MicrosoftCognitiveServicesSpeech-iOS (~> 1.40.0)

SPEC REPOS:
  trunk:
    - MicrosoftCognitiveServicesSpeech-iOS

SPEC CHECKSUMS:
  MicrosoftCognitiveServicesSpeech-iOS: 27edbb898c00da13b63a6e73e910d4ced8d54791

PODFILE CHECKSUM: 1fdfc044ea07a93db69b1e79740444b8a8334846

COCOAPODS: 1.12.1
