{
  "originHash" : "1779e2e4c05bb317a9197272a0e1a14b99b46a6248d802b7819d3749ca8561b7",
  "pins" : [
    {
      "identity" : "combine-schedulers",
      "kind" : "remoteSourceControl",
      "location" : "https://github.com/pointfreeco/combine-schedulers",
      "state" : {
        "revision" : "ec62f32d21584214a4b27c8cee2b2ad70ab2c38a",
        "version" : "0.11.0"
      }
    },
    {
      "identity" : "reduxkit",
      "kind" : "remoteSourceControl",
      "location" : "git@git-gdd.sdo.jlrmotor.com:OFFBOARD/mobile/libraries/ios/kits/reduxkit.git",
      "state" : {
        "revision" : "b207aaf3837cd4a01f5deb3268f0f8931e780c65",
        "version" : "4.2.1"
      }
    },
    {
      "identity" : "swift-concurrency-extras",
      "kind" : "remoteSourceControl",
      "location" : "https://github.com/pointfreeco/swift-concurrency-extras",
      "state" : {
        "revision" : "a46265bb4f75808b0e15d971eebc408f557870a3",
        "version" : "0.1.2"
      }
    },
    {
      "identity" : "xctest-dynamic-overlay",
      "kind" : "remoteSourceControl",
      "location" : "https://github.com/pointfreeco/xctest-dynamic-overlay",
      "state" : {
        "revision" : "50843cbb8551db836adec2290bb4bc6bac5c1865",
        "version" : "0.9.0"
      }
    }
  ],
  "version" : 3
}
